// !$*UTF8*$!
{
	archiveVersion = 1;
	classes = {
	};
	objectVersion = 56;
	objects = {

/* Begin PBXBuildFile section */
		24C0A5DC2B88B5F300A603FF /* GuessTheFlagApp.swift in Sources */ = {isa = PBXBuildFile; fileRef = 24C0A5DB2B88B5F300A603FF /* GuessTheFlagApp.swift */; };
		24C0A5DE2B88B5F300A603FF /* ContentView.swift in Sources */ = {isa = PBXBuildFile; fileRef = 24C0A5DD2B88B5F300A603FF /* ContentView.swift */; };
		24C0A5E02B88B5F500A603FF /* Assets.xcassets in Resources */ = {isa = PBXBuildFile; fileRef = 24C0A5DF2B88B5F500A603FF /* Assets.xcassets */; };
		24C0A5E32B88B5F500A603FF /* Preview Assets.xcassets in Resources */ = {isa = PBXBuildFile; fileRef = 24C0A5E22B88B5F500A603FF /* Preview Assets.xcassets */; };
		24C0A5E52B88B5F500A603FF /* Persistence.swift in Sources */ = {isa = PBXBuildFile; fileRef = 24C0A5E42B88B5F500A603FF /* Persistence.swift */; };
		24C0A5E82B88B5F500A603FF /* GuessTheFlag.xcdatamodeld in Sources */ = {isa = PBXBuildFile; fileRef = 24C0A5E62B88B5F500A603FF /* GuessTheFlag.xcdatamodeld */; };
		24C0A5F22B88B5F500A603FF /* GuessTheFlagTests.swift in Sources */ = {isa = PBXBuildFile; fileRef = 24C0A5F12B88B5F500A603FF /* GuessTheFlagTests.swift */; };
		24C0A5FC2B88B5F500A603FF /* GuessTheFlagUITests.swift in Sources */ = {isa = PBXBuildFile; fileRef = 24C0A5FB2B88B5F500A603FF /* GuessTheFlagUITests.swift */; };
		24C0A5FE2B88B5F500A603FF /* GuessTheFlagUITestsLaunchTests.swift in Sources */ = {isa = PBXBuildFile; fileRef = 24C0A5FD2B88B5F500A603FF /* GuessTheFlagUITestsLaunchTests.swift */; };
/* End PBXBuildFile section */

/* Begin PBXContainerItemProxy section */
		24C0A5EE2B88B5F500A603FF /* PBXContainerItemProxy */ = {
			isa = PBXContainerItemProxy;
			containerPortal = 24C0A5D02B88B5F300A603FF /* Project object */;
			proxyType = 1;
			remoteGlobalIDString = 24C0A5D72B88B5F300A603FF;
			remoteInfo = GuessTheFlag;
		};
		24C0A5F82B88B5F500A603FF /* PBXContainerItemProxy */ = {
			isa = PBXContainerItemProxy;
			containerPortal = 24C0A5D02B88B5F300A603FF /* Project object */;
			proxyType = 1;
			remoteGlobalIDString = 24C0A5D72B88B5F300A603FF;
			remoteInfo = GuessTheFlag;
		};
/* End PBXContainerItemProxy section */

/* Begin PBXFileReference section */
		24C0A5D82B88B5F300A603FF /* GuessTheFlag.app */ = {isa = PBXFileReference; explicitFileType = wrapper.application; includeInIndex = 0; path = GuessTheFlag.app; sourceTree = BUILT_PRODUCTS_DIR; };
		24C0A5DB2B88B5F300A603FF /* GuessTheFlagApp.swift */ = {isa = PBXFileReference; lastKnownFileType = sourcecode.swift; path = GuessTheFlagApp.swift; sourceTree = "<group>"; };
		24C0A5DD2B88B5F300A603FF /* ContentView.swift */ = {isa = PBXFileReference; lastKnownFileType = sourcecode.swift; path = ContentView.swift; sourceTree = "<group>"; };
		24C0A5DF2B88B5F500A603FF /* Assets.xcassets */ = {isa = PBXFileReference; lastKnownFileType = folder.assetcatalog; path = Assets.xcassets; sourceTree = "<group>"; };
		24C0A5E22B88B5F500A603FF /* Preview Assets.xcassets */ = {isa = PBXFileReference; lastKnownFileType = folder.assetcatalog; path = "Preview Assets.xcassets"; sourceTree = "<group>"; };
		24C0A5E42B88B5F500A603FF /* Persistence.swift */ = {isa = PBXFileReference; lastKnownFileType = sourcecode.swift; path = Persistence.swift; sourceTree = "<group>"; };
		24C0A5E72B88B5F500A603FF /* GuessTheFlag.xcdatamodel */ = {isa = PBXFileReference; lastKnownFileType = wrapper.xcdatamodel; path = GuessTheFlag.xcdatamodel; sourceTree = "<group>"; };
		24C0A5ED2B88B5F500A603FF /* GuessTheFlagTests.xctest */ = {isa = PBXFileReference; explicitFileType = wrapper.cfbundle; includeInIndex = 0; path = GuessTheFlagTests.xctest; sourceTree = BUILT_PRODUCTS_DIR; };
		24C0A5F12B88B5F500A603FF /* GuessTheFlagTests.swift */ = {isa = PBXFileReference; lastKnownFileType = sourcecode.swift; path = GuessTheFlagTests.swift; sourceTree = "<group>"; };
		24C0A5F72B88B5F500A603FF /* GuessTheFlagUITests.xctest */ = {isa = PBXFileReference; explicitFileType = wrapper.cfbundle; includeInIndex = 0; path = GuessTheFlagUITests.xctest; sourceTree = BUILT_PRODUCTS_DIR; };
		24C0A5FB2B88B5F500A603FF /* GuessTheFlagUITests.swift */ = {isa = PBXFileReference; lastKnownFileType = sourcecode.swift; path = GuessTheFlagUITests.swift; sourceTree = "<group>"; };
		24C0A5FD2B88B5F500A603FF /* GuessTheFlagUITestsLaunchTests.swift */ = {isa = PBXFileReference; lastKnownFileType = sourcecode.swift; path = GuessTheFlagUITestsLaunchTests.swift; sourceTree = "<group>"; };
/* End PBXFileReference section */

/* Begin PBXFrameworksBuildPhase section */
		24C0A5D52B88B5F300A603FF /* Frameworks */ = {
			isa = PBXFrameworksBuildPhase;
			buildActionMask = 2147483647;
			files = (
			);
			runOnlyForDeploymentPostprocessing = 0;
		};
		24C0A5EA2B88B5F500A603FF /* Frameworks */ = {
			isa = PBXFrameworksBuildPhase;
			buildActionMask = 2147483647;
			files = (
			);
			runOnlyForDeploymentPostprocessing = 0;
		};
		24C0A5F42B88B5F500A603FF /* Frameworks */ = {
			isa = PBXFrameworksBuildPhase;
			buildActionMask = 2147483647;
			files = (
			);
			runOnlyForDeploymentPostprocessing = 0;
		};
/* End PBXFrameworksBuildPhase section */

/* Begin PBXGroup section */
		24C0A5CF2B88B5F300A603FF = {
			isa = PBXGroup;
			children = (
				24C0A5DA2B88B5F300A603FF /* GuessTheFlag */,
				24C0A5F02B88B5F500A603FF /* GuessTheFlagTests */,
				24C0A5FA2B88B5F500A603FF /* GuessTheFlagUITests */,
				24C0A5D92B88B5F300A603FF /* Products */,
			);
			sourceTree = "<group>";
		};
		24C0A5D92B88B5F300A603FF /* Products */ = {
			isa = PBXGroup;
			children = (
				24C0A5D82B88B5F300A603FF /* GuessTheFlag.app */,
				24C0A5ED2B88B5F500A603FF /* GuessTheFlagTests.xctest */,
				24C0A5F72B88B5F500A603FF /* GuessTheFlagUITests.xctest */,
			);
			name = Products;
			sourceTree = "<group>";
		};
		24C0A5DA2B88B5F300A603FF /* GuessTheFlag */ = {
			isa = PBXGroup;
			children = (
				24C0A5DB2B88B5F300A603FF /* GuessTheFlagApp.swift */,
				24C0A5DD2B88B5F300A603FF /* ContentView.swift */,
				24C0A5DF2B88B5F500A603FF /* Assets.xcassets */,
				24C0A5E42B88B5F500A603FF /* Persistence.swift */,
				24C0A5E62B88B5F500A603FF /* GuessTheFlag.xcdatamodeld */,
				24C0A5E12B88B5F500A603FF /* Preview Content */,
			);
			path = GuessTheFlag;
			sourceTree = "<group>";
		};
		24C0A5E12B88B5F500A603FF /* Preview Content */ = {
			isa = PBXGroup;
			children = (
				24C0A5E22B88B5F500A603FF /* Preview Assets.xcassets */,
			);
			path = "Preview Content";
			sourceTree = "<group>";
		};
		24C0A5F02B88B5F500A603FF /* GuessTheFlagTests */ = {
			isa = PBXGroup;
			children = (
				24C0A5F12B88B5F500A603FF /* GuessTheFlagTests.swift */,
			);
			path = GuessTheFlagTests;
			sourceTree = "<group>";
		};
		24C0A5FA2B88B5F500A603FF /* GuessTheFlagUITests */ = {
			isa = PBXGroup;
			children = (
				24C0A5FB2B88B5F500A603FF /* GuessTheFlagUITests.swift */,
				24C0A5FD2B88B5F500A603FF /* GuessTheFlagUITestsLaunchTests.swift */,
			);
			path = GuessTheFlagUITests;
			sourceTree = "<group>";
		};
/* End PBXGroup section */

/* Begin PBXNativeTarget section */
		24C0A5D72B88B5F300A603FF /* GuessTheFlag */ = {
			isa = PBXNativeTarget;
			buildConfigurationList = 24C0A6012B88B5F500A603FF /* Build configuration list for PBXNativeTarget "GuessTheFlag" */;
			buildPhases = (
				24C0A5D42B88B5F300A603FF /* Sources */,
				24C0A5D52B88B5F300A603FF /* Frameworks */,
				24C0A5D62B88B5F300A603FF /* Resources */,
			);
			buildRules = (
			);
			dependencies = (
			);
			name = GuessTheFlag;
			productName = GuessTheFlag;
			productReference = 24C0A5D82B88B5F300A603FF /* GuessTheFlag.app */;
			productType = "com.apple.product-type.application";
		};
		24C0A5EC2B88B5F500A603FF /* GuessTheFlagTests */ = {
			isa = PBXNativeTarget;
			buildConfigurationList = 24C0A6042B88B5F500A603FF /* Build configuration list for PBXNativeTarget "GuessTheFlagTests" */;
			buildPhases = (
				24C0A5E92B88B5F500A603FF /* Sources */,
				24C0A5EA2B88B5F500A603FF /* Frameworks */,
				24C0A5EB2B88B5F500A603FF /* Resources */,
			);
			buildRules = (
			);
			dependencies = (
				24C0A5EF2B88B5F500A603FF /* PBXTargetDependency */,
			);
			name = GuessTheFlagTests;
			productName = GuessTheFlagTests;
			productReference = 24C0A5ED2B88B5F500A603FF /* GuessTheFlagTests.xctest */;
			productType = "com.apple.product-type.bundle.unit-test";
		};
		24C0A5F62B88B5F500A603FF /* GuessTheFlagUITests */ = {
			isa = PBXNativeTarget;
			buildConfigurationList = 24C0A6072B88B5F500A603FF /* Build configuration list for PBXNativeTarget "GuessTheFlagUITests" */;
			buildPhases = (
				24C0A5F32B88B5F500A603FF /* Sources */,
				24C0A5F42B88B5F500A603FF /* Frameworks */,
				24C0A5F52B88B5F500A603FF /* Resources */,
			);
			buildRules = (
			);
			dependencies = (
				24C0A5F92B88B5F500A603FF /* PBXTargetDependency */,
			);
			name = GuessTheFlagUITests;
			productName = GuessTheFlagUITests;
			productReference = 24C0A5F72B88B5F500A603FF /* GuessTheFlagUITests.xctest */;
			productType = "com.apple.product-type.bundle.ui-testing";
		};
/* End PBXNativeTarget section */

/* Begin PBXProject section */
		24C0A5D02B88B5F300A603FF /* Project object */ = {
			isa = PBXProject;
			attributes = {
				BuildIndependentTargetsInParallel = 1;
				LastSwiftUpdateCheck = 1530;
				LastUpgradeCheck = 1530;
				TargetAttributes = {
					24C0A5D72B88B5F300A603FF = {
						CreatedOnToolsVersion = 15.3;
					};
					24C0A5EC2B88B5F500A603FF = {
						CreatedOnToolsVersion = 15.3;
						TestTargetID = 24C0A5D72B88B5F300A603FF;
					};
					24C0A5F62B88B5F500A603FF = {
						CreatedOnToolsVersion = 15.3;
						TestTargetID = 24C0A5D72B88B5F300A603FF;
					};
				};
			};
			buildConfigurationList = 24C0A5D32B88B5F300A603FF /* Build configuration list for PBXProject "GuessTheFlag" */;
			compatibilityVersion = "Xcode 14.0";
			developmentRegion = en;
			hasScannedForEncodings = 0;
			knownRegions = (
				en,
				Base,
			);
			mainGroup = 24C0A5CF2B88B5F300A603FF;
			productRefGroup = 24C0A5D92B88B5F300A603FF /* Products */;
			projectDirPath = "";
			projectRoot = "";
			targets = (
				24C0A5D72B88B5F300A603FF /* GuessTheFlag */,
				24C0A5EC2B88B5F500A603FF /* GuessTheFlagTests */,
				24C0A5F62B88B5F500A603FF /* GuessTheFlagUITests */,
			);
		};
/* End PBXProject section */

/* Begin PBXResourcesBuildPhase section */
		24C0A5D62B88B5F300A603FF /* Resources */ = {
			isa = PBXResourcesBuildPhase;
			buildActionMask = 2147483647;
			files = (
				24C0A5E32B88B5F500A603FF /* Preview Assets.xcassets in Resources */,
				24C0A5E02B88B5F500A603FF /* Assets.xcassets in Resources */,
			);
			runOnlyForDeploymentPostprocessing = 0;
		};
		24C0A5EB2B88B5F500A603FF /* Resources */ = {
			isa = PBXResourcesBuildPhase;
			buildActionMask = 2147483647;
			files = (
			);
			runOnlyForDeploymentPostprocessing = 0;
		};
		24C0A5F52B88B5F500A603FF /* Resources */ = {
			isa = PBXResourcesBuildPhase;
			buildActionMask = 2147483647;
			files = (
			);
			runOnlyForDeploymentPostprocessing = 0;
		};
/* End PBXResourcesBuildPhase section */

/* Begin PBXSourcesBuildPhase section */
		24C0A5D42B88B5F300A603FF /* Sources */ = {
			isa = PBXSourcesBuildPhase;
			buildActionMask = 2147483647;
			files = (
				24C0A5E52B88B5F500A603FF /* Persistence.swift in Sources */,
				24C0A5DE2B88B5F300A603FF /* ContentView.swift in Sources */,
				24C0A5DC2B88B5F300A603FF /* GuessTheFlagApp.swift in Sources */,
				24C0A5E82B88B5F500A603FF /* GuessTheFlag.xcdatamodeld in Sources */,
			);
			runOnlyForDeploymentPostprocessing = 0;
		};
		24C0A5E92B88B5F500A603FF /* Sources */ = {
			isa = PBXSourcesBuildPhase;
			buildActionMask = 2147483647;
			files = (
				24C0A5F22B88B5F500A603FF /* GuessTheFlagTests.swift in Sources */,
			);
			runOnlyForDeploymentPostprocessing = 0;
		};
		24C0A5F32B88B5F500A603FF /* Sources */ = {
			isa = PBXSourcesBuildPhase;
			buildActionMask = 2147483647;
			files = (
				24C0A5FE2B88B5F500A603FF /* GuessTheFlagUITestsLaunchTests.swift in Sources */,
				24C0A5FC2B88B5F500A603FF /* GuessTheFlagUITests.swift in Sources */,
			);
			runOnlyForDeploymentPostprocessing = 0;
		};
/* End PBXSourcesBuildPhase section */

/* Begin PBXTargetDependency section */
		24C0A5EF2B88B5F500A603FF /* PBXTargetDependency */ = {
			isa = PBXTargetDependency;
			target = 24C0A5D72B88B5F300A603FF /* GuessTheFlag */;
			targetProxy = 24C0A5EE2B88B5F500A603FF /* PBXContainerItemProxy */;
		};
		24C0A5F92B88B5F500A603FF /* PBXTargetDependency */ = {
			isa = PBXTargetDependency;
			target = 24C0A5D72B88B5F300A603FF /* GuessTheFlag */;
			targetProxy = 24C0A5F82B88B5F500A603FF /* PBXContainerItemProxy */;
		};
/* End PBXTargetDependency section */

/* Begin XCBuildConfiguration section */
		24C0A5FF2B88B5F500A603FF /* Debug */ = {
			isa = XCBuildConfiguration;
			buildSettings = {
				ALWAYS_SEARCH_USER_PATHS = NO;
				ASSETCATALOG_COMPILER_GENERATE_SWIFT_ASSET_SYMBOL_EXTENSIONS = YES;
				CLANG_ANALYZER_NONNULL = YES;
				CLANG_ANALYZER_NUMBER_OBJECT_CONVERSION = YES_AGGRESSIVE;
				CLANG_CXX_LANGUAGE_STANDARD = "gnu++20";
				CLANG_ENABLE_MODULES = YES;
				CLANG_ENABLE_OBJC_ARC = YES;
				CLANG_ENABLE_OBJC_WEAK = YES;
				CLANG_WARN_BLOCK_CAPTURE_AUTORELEASING = YES;
				CLANG_WARN_BOOL_CONVERSION = YES;
				CLANG_WARN_COMMA = YES;
				CLANG_WARN_CONSTANT_CONVERSION = YES;
				CLANG_WARN_DEPRECATED_OBJC_IMPLEMENTATIONS = YES;
				CLANG_WARN_DIRECT_OBJC_ISA_USAGE = YES_ERROR;
				CLANG_WARN_DOCUMENTATION_COMMENTS = YES;
				CLANG_WARN_EMPTY_BODY = YES;
				CLANG_WARN_ENUM_CONVERSION = YES;
				CLANG_WARN_INFINITE_RECURSION = YES;
				CLANG_WARN_INT_CONVERSION = YES;
				CLANG_WARN_NON_LITERAL_NULL_CONVERSION = YES;
				CLANG_WARN_OBJC_IMPLICIT_RETAIN_SELF = YES;
				CLANG_WARN_OBJC_LITERAL_CONVERSION = YES;
				CLANG_WARN_OBJC_ROOT_CLASS = YES_ERROR;
				CLANG_WARN_QUOTED_INCLUDE_IN_FRAMEWORK_HEADER = YES;
				CLANG_WARN_RANGE_LOOP_ANALYSIS = YES;
				CLANG_WARN_STRICT_PROTOTYPES = YES;
				CLANG_WARN_SUSPICIOUS_MOVE = YES;
				CLANG_WARN_UNGUARDED_AVAILABILITY = YES_AGGRESSIVE;
				CLANG_WARN_UNREACHABLE_CODE = YES;
				CLANG_WARN__DUPLICATE_METHOD_MATCH = YES;
				COPY_PHASE_STRIP = NO;
				DEBUG_INFORMATION_FORMAT = dwarf;
				ENABLE_STRICT_OBJC_MSGSEND = YES;
				ENABLE_TESTABILITY = YES;
				ENABLE_USER_SCRIPT_SANDBOXING = YES;
				GCC_C_LANGUAGE_STANDARD = gnu17;
				GCC_DYNAMIC_NO_PIC = NO;
				GCC_NO_COMMON_BLOCKS = YES;
				GCC_OPTIMIZATION_LEVEL = 0;
				GCC_PREPROCESSOR_DEFINITIONS = (
					"DEBUG=1",
					"$(inherited)",
				);
				GCC_WARN_64_TO_32_BIT_CONVERSION = YES;
				GCC_WARN_ABOUT_RETURN_TYPE = YES_ERROR;
				GCC_WARN_UNDECLARED_SELECTOR = YES;
				GCC_WARN_UNINITIALIZED_AUTOS = YES_AGGRESSIVE;
				GCC_WARN_UNUSED_FUNCTION = YES;
				GCC_WARN_UNUSED_VARIABLE = YES;
				IPHONEOS_DEPLOYMENT_TARGET = 17.4;
				LOCALIZATION_PREFERS_STRING_CATALOGS = YES;
				MTL_ENABLE_DEBUG_INFO = INCLUDE_SOURCE;
				MTL_FAST_MATH = YES;
				ONLY_ACTIVE_ARCH = YES;
				SDKROOT = iphoneos;
				SWIFT_ACTIVE_COMPILATION_CONDITIONS = "DEBUG $(inherited)";
				SWIFT_OPTIMIZATION_LEVEL = "-Onone";
			};
			name = Debug;
		};
		24C0A6002B88B5F500A603FF /* Release */ = {
			isa = XCBuildConfiguration;
			buildSettings = {
				ALWAYS_SEARCH_USER_PATHS = NO;
				ASSETCATALOG_COMPILER_GENERATE_SWIFT_ASSET_SYMBOL_EXTENSIONS = YES;
				CLANG_ANALYZER_NONNULL = YES;
				CLANG_ANALYZER_NUMBER_OBJECT_CONVERSION = YES_AGGRESSIVE;
				CLANG_CXX_LANGUAGE_STANDARD = "gnu++20";
				CLANG_ENABLE_MODULES = YES;
				CLANG_ENABLE_OBJC_ARC = YES;
				CLANG_ENABLE_OBJC_WEAK = YES;
				CLANG_WARN_BLOCK_CAPTURE_AUTORELEASING = YES;
				CLANG_WARN_BOOL_CONVERSION = YES;
				CLANG_WARN_COMMA = YES;
				CLANG_WARN_CONSTANT_CONVERSION = YES;
				CLANG_WARN_DEPRECATED_OBJC_IMPLEMENTATIONS = YES;
				CLANG_WARN_DIRECT_OBJC_ISA_USAGE = YES_ERROR;
				CLANG_WARN_DOCUMENTATION_COMMENTS = YES;
				CLANG_WARN_EMPTY_BODY = YES;
				CLANG_WARN_ENUM_CONVERSION = YES;
				CLANG_WARN_INFINITE_RECURSION = YES;
				CLANG_WARN_INT_CONVERSION = YES;
				CLANG_WARN_NON_LITERAL_NULL_CONVERSION = YES;
				CLANG_WARN_OBJC_IMPLICIT_RETAIN_SELF = YES;
				CLANG_WARN_OBJC_LITERAL_CONVERSION = YES;
				CLANG_WARN_OBJC_ROOT_CLASS = YES_ERROR;
				CLANG_WARN_QUOTED_INCLUDE_IN_FRAMEWORK_HEADER = YES;
				CLANG_WARN_RANGE_LOOP_ANALYSIS = YES;
				CLANG_WARN_STRICT_PROTOTYPES = YES;
				CLANG_WARN_SUSPICIOUS_MOVE = YES;
				CLANG_WARN_UNGUARDED_AVAILABILITY = YES_AGGRESSIVE;
				CLANG_WARN_UNREACHABLE_CODE = YES;
				CLANG_WARN__DUPLICATE_METHOD_MATCH = YES;
				COPY_PHASE_STRIP = NO;
				DEBUG_INFORMATION_FORMAT = "dwarf-with-dsym";
				ENABLE_NS_ASSERTIONS = NO;
				ENABLE_STRICT_OBJC_MSGSEND = YES;
				ENABLE_USER_SCRIPT_SANDBOXING = YES;
				GCC_C_LANGUAGE_STANDARD = gnu17;
				GCC_NO_COMMON_BLOCKS = YES;
				GCC_WARN_64_TO_32_BIT_CONVERSION = YES;
				GCC_WARN_ABOUT_RETURN_TYPE = YES_ERROR;
				GCC_WARN_UNDECLARED_SELECTOR = YES;
				GCC_WARN_UNINITIALIZED_AUTOS = YES_AGGRESSIVE;
				GCC_WARN_UNUSED_FUNCTION = YES;
				GCC_WARN_UNUSED_VARIABLE = YES;
				IPHONEOS_DEPLOYMENT_TARGET = 17.4;
				LOCALIZATION_PREFERS_STRING_CATALOGS = YES;
				MTL_ENABLE_DEBUG_INFO = NO;
				MTL_FAST_MATH = YES;
				SDKROOT = iphoneos;
				SWIFT_COMPILATION_MODE = wholemodule;
				VALIDATE_PRODUCT = YES;
			};
			name = Release;
		};
		24C0A6022B88B5F500A603FF /* Debug */ = {
			isa = XCBuildConfiguration;
			buildSettings = {
				ASSETCATALOG_COMPILER_APPICON_NAME = AppIcon;
				ASSETCATALOG_COMPILER_GLOBAL_ACCENT_COLOR_NAME = AccentColor;
				CODE_SIGN_STYLE = Automatic;
				CURRENT_PROJECT_VERSION = 1;
				DEVELOPMENT_ASSET_PATHS = "\"GuessTheFlag/Preview Content\"";
				ENABLE_PREVIEWS = YES;
				GENERATE_INFOPLIST_FILE = YES;
				INFOPLIST_KEY_UIApplicationSceneManifest_Generation = YES;
				INFOPLIST_KEY_UIApplicationSupportsIndirectInputEvents = YES;
				INFOPLIST_KEY_UILaunchScreen_Generation = YES;
				INFOPLIST_KEY_UISupportedInterfaceOrientations_iPad = "UIInterfaceOrientationPortrait UIInterfaceOrientationPortraitUpsideDown UIInterfaceOrientationLandscapeLeft UIInterfaceOrientationLandscapeRight";
				INFOPLIST_KEY_UISupportedInterfaceOrientations_iPhone = "UIInterfaceOrientationPortrait UIInterfaceOrientationLandscapeLeft UIInterfaceOrientationLandscapeRight";
				LD_RUNPATH_SEARCH_PATHS = (
					"$(inherited)",
					"@executable_path/Frameworks",
				);
				MARKETING_VERSION = 1.0;
				PRODUCT_BUNDLE_IDENTIFIER = jasmine.GuessTheFlag;
				PRODUCT_NAME = "$(TARGET_NAME)";
				SWIFT_EMIT_LOC_STRINGS = YES;
				SWIFT_VERSION = 5.0;
				TARGETED_DEVICE_FAMILY = "1,2";
			};
			name = Debug;
		};
		24C0A6032B88B5F500A603FF /* Release */ = {
			isa = XCBuildConfiguration;
			buildSettings = {
				ASSETCATALOG_COMPILER_APPICON_NAME = AppIcon;
				ASSETCATALOG_COMPILER_GLOBAL_ACCENT_COLOR_NAME = AccentColor;
				CODE_SIGN_STYLE = Automatic;
				CURRENT_PROJECT_VERSION = 1;
				DEVELOPMENT_ASSET_PATHS = "\"GuessTheFlag/Preview Content\"";
				ENABLE_PREVIEWS = YES;
				GENERATE_INFOPLIST_FILE = YES;
				INFOPLIST_KEY_UIApplicationSceneManifest_Generation = YES;
				INFOPLIST_KEY_UIApplicationSupportsIndirectInputEvents = YES;
				INFOPLIST_KEY_UILaunchScreen_Generation = YES;
				INFOPLIST_KEY_UISupportedInterfaceOrientations_iPad = "UIInterfaceOrientationPortrait UIInterfaceOrientationPortraitUpsideDown UIInterfaceOrientationLandscapeLeft UIInterfaceOrientationLandscapeRight";
				INFOPLIST_KEY_UISupportedInterfaceOrientations_iPhone = "UIInterfaceOrientationPortrait UIInterfaceOrientationLandscapeLeft UIInterfaceOrientationLandscapeRight";
				LD_RUNPATH_SEARCH_PATHS = (
					"$(inherited)",
					"@executable_path/Frameworks",
				);
				MARKETING_VERSION = 1.0;
				PRODUCT_BUNDLE_IDENTIFIER = jasmine.GuessTheFlag;
				PRODUCT_NAME = "$(TARGET_NAME)";
				SWIFT_EMIT_LOC_STRINGS = YES;
				SWIFT_VERSION = 5.0;
				TARGETED_DEVICE_FAMILY = "1,2";
			};
			name = Release;
		};
		24C0A6052B88B5F500A603FF /* Debug */ = {
			isa = XCBuildConfiguration;
			buildSettings = {
				ALWAYS_EMBED_SWIFT_STANDARD_LIBRARIES = YES;
				BUNDLE_LOADER = "$(TEST_HOST)";
				CODE_SIGN_STYLE = Automatic;
				CURRENT_PROJECT_VERSION = 1;
				GENERATE_INFOPLIST_FILE = YES;
				IPHONEOS_DEPLOYMENT_TARGET = 17.4;
				MARKETING_VERSION = 1.0;
				PRODUCT_BUNDLE_IDENTIFIER = jasmine.GuessTheFlagTests;
				PRODUCT_NAME = "$(TARGET_NAME)";
				SWIFT_EMIT_LOC_STRINGS = NO;
				SWIFT_VERSION = 5.0;
				TARGETED_DEVICE_FAMILY = "1,2";
				TEST_HOST = "$(BUILT_PRODUCTS_DIR)/GuessTheFlag.app/$(BUNDLE_EXECUTABLE_FOLDER_PATH)/GuessTheFlag";
			};
			name = Debug;
		};
		24C0A6062B88B5F500A603FF /* Release */ = {
			isa = XCBuildConfiguration;
			buildSettings = {
				ALWAYS_EMBED_SWIFT_STANDARD_LIBRARIES = YES;
				BUNDLE_LOADER = "$(TEST_HOST)";
				CODE_SIGN_STYLE = Automatic;
				CURRENT_PROJECT_VERSION = 1;
				GENERATE_INFOPLIST_FILE = YES;
				IPHONEOS_DEPLOYMENT_TARGET = 17.4;
				MARKETING_VERSION = 1.0;
				PRODUCT_BUNDLE_IDENTIFIER = jasmine.GuessTheFlagTests;
				PRODUCT_NAME = "$(TARGET_NAME)";
				SWIFT_EMIT_LOC_STRINGS = NO;
				SWIFT_VERSION = 5.0;
				TARGETED_DEVICE_FAMILY = "1,2";
				TEST_HOST = "$(BUILT_PRODUCTS_DIR)/GuessTheFlag.app/$(BUNDLE_EXECUTABLE_FOLDER_PATH)/GuessTheFlag";
			};
			name = Release;
		};
		24C0A6082B88B5F500A603FF /* Debug */ = {
			isa = XCBuildConfiguration;
			buildSettings = {
				ALWAYS_EMBED_SWIFT_STANDARD_LIBRARIES = YES;
				CODE_SIGN_STYLE = Automatic;
				CURRENT_PROJECT_VERSION = 1;
				GENERATE_INFOPLIST_FILE = YES;
				MARKETING_VERSION = 1.0;
				PRODUCT_BUNDLE_IDENTIFIER = jasmine.GuessTheFlagUITests;
				PRODUCT_NAME = "$(TARGET_NAME)";
				SWIFT_EMIT_LOC_STRINGS = NO;
				SWIFT_VERSION = 5.0;
				TARGETED_DEVICE_FAMILY = "1,2";
				TEST_TARGET_NAME = GuessTheFlag;
			};
			name = Debug;
		};
		24C0A6092B88B5F500A603FF /* Release */ = {
			isa = XCBuildConfiguration;
			buildSettings = {
				ALWAYS_EMBED_SWIFT_STANDARD_LIBRARIES = YES;
				CODE_SIGN_STYLE = Automatic;
				CURRENT_PROJECT_VERSION = 1;
				GENERATE_INFOPLIST_FILE = YES;
				MARKETING_VERSION = 1.0;
				PRODUCT_BUNDLE_IDENTIFIER = jasmine.GuessTheFlagUITests;
				PRODUCT_NAME = "$(TARGET_NAME)";
				SWIFT_EMIT_LOC_STRINGS = NO;
				SWIFT_VERSION = 5.0;
				TARGETED_DEVICE_FAMILY = "1,2";
				TEST_TARGET_NAME = GuessTheFlag;
			};
			name = Release;
		};
/* End XCBuildConfiguration section */

/* Begin XCConfigurationList section */
		24C0A5D32B88B5F300A603FF /* Build configuration list for PBXProject "GuessTheFlag" */ = {
			isa = XCConfigurationList;
			buildConfigurations = (
				24C0A5FF2B88B5F500A603FF /* Debug */,
				24C0A6002B88B5F500A603FF /* Release */,
			);
			defaultConfigurationIsVisible = 0;
			defaultConfigurationName = Release;
		};
		24C0A6012B88B5F500A603FF /* Build configuration list for PBXNativeTarget "GuessTheFlag" */ = {
			isa = XCConfigurationList;
			buildConfigurations = (
				24C0A6022B88B5F500A603FF /* Debug */,
				24C0A6032B88B5F500A603FF /* Release */,
			);
			defaultConfigurationIsVisible = 0;
			defaultConfigurationName = Release;
		};
		24C0A6042B88B5F500A603FF /* Build configuration list for PBXNativeTarget "GuessTheFlagTests" */ = {
			isa = XCConfigurationList;
			buildConfigurations = (
				24C0A6052B88B5F500A603FF /* Debug */,
				24C0A6062B88B5F500A603FF /* Release */,
			);
			defaultConfigurationIsVisible = 0;
			defaultConfigurationName = Release;
		};
		24C0A6072B88B5F500A603FF /* Build configuration list for PBXNativeTarget "GuessTheFlagUITests" */ = {
			isa = XCConfigurationList;
			buildConfigurations = (
				24C0A6082B88B5F500A603FF /* Debug */,
				24C0A6092B88B5F500A603FF /* Release */,
			);
			defaultConfigurationIsVisible = 0;
			defaultConfigurationName = Release;
		};
/* End XCConfigurationList section */

/* Begin XCVersionGroup section */
		24C0A5E62B88B5F500A603FF /* GuessTheFlag.xcdatamodeld */ = {
			isa = XCVersionGroup;
			children = (
				24C0A5E72B88B5F500A603FF /* GuessTheFlag.xcdatamodel */,
			);
			currentVersion = 24C0A5E72B88B5F500A603FF /* GuessTheFlag.xcdatamodel */;
			path = GuessTheFlag.xcdatamodeld;
			sourceTree = "<group>";
			versionGroupType = wrapper.xcdatamodel;
		};
/* End XCVersionGroup section */
	};
	rootObject = 24C0A5D02B88B5F300A603FF /* Project object */;
}
