// !$*UTF8*$!
{
	archiveVersion = 1;
	classes = {
	};
	objectVersion = 56;
	objects = {

/* Begin PBXBuildFile section */
		2471653F2B6BB55A00055E8C /* swift_weather_uiApp.swift in Sources */ = {isa = PBXBuildFile; fileRef = 2471653E2B6BB55A00055E8C /* swift_weather_uiApp.swift */; };
		247165412B6BB55A00055E8C /* Persistence.swift in Sources */ = {isa = PBXBuildFile; fileRef = 247165402B6BB55A00055E8C /* Persistence.swift */; };
		247165442B6BB55A00055E8C /* swift_weather_ui.xcdatamodeld in Sources */ = {isa = PBXBuildFile; fileRef = 247165422B6BB55A00055E8C /* swift_weather_ui.xcdatamodeld */; };
		247165462B6BB55A00055E8C /* ContentView.swift in Sources */ = {isa = PBXBuildFile; fileRef = 247165452B6BB55A00055E8C /* ContentView.swift */; };
		247165482B6BB55D00055E8C /* Assets.xcassets in Resources */ = {isa = PBXBuildFile; fileRef = 247165472B6BB55D00055E8C /* Assets.xcassets */; };
		2471654C2B6BB55D00055E8C /* Preview Assets.xcassets in Resources */ = {isa = PBXBuildFile; fileRef = 2471654B2B6BB55D00055E8C /* Preview Assets.xcassets */; };
		247165562B6BB55D00055E8C /* swift_weather_uiTests.swift in Sources */ = {isa = PBXBuildFile; fileRef = 247165552B6BB55D00055E8C /* swift_weather_uiTests.swift */; };
		247165602B6BB55D00055E8C /* swift_weather_uiUITests.swift in Sources */ = {isa = PBXBuildFile; fileRef = 2471655F2B6BB55D00055E8C /* swift_weather_uiUITests.swift */; };
		247165622B6BB55D00055E8C /* swift_weather_uiUITestsLaunchTests.swift in Sources */ = {isa = PBXBuildFile; fileRef = 247165612B6BB55D00055E8C /* swift_weather_uiUITestsLaunchTests.swift */; };
/* End PBXBuildFile section */

/* Begin PBXContainerItemProxy section */
		247165522B6BB55D00055E8C /* PBXContainerItemProxy */ = {
			isa = PBXContainerItemProxy;
			containerPortal = 247165332B6BB55A00055E8C /* Project object */;
			proxyType = 1;
			remoteGlobalIDString = 2471653A2B6BB55A00055E8C;
			remoteInfo = "swift-weather-ui";
		};
		2471655C2B6BB55D00055E8C /* PBXContainerItemProxy */ = {
			isa = PBXContainerItemProxy;
			containerPortal = 247165332B6BB55A00055E8C /* Project object */;
			proxyType = 1;
			remoteGlobalIDString = 2471653A2B6BB55A00055E8C;
			remoteInfo = "swift-weather-ui";
		};
/* End PBXContainerItemProxy section */

/* Begin PBXFileReference section */
		2471653B2B6BB55A00055E8C /* swift-weather-ui.app */ = {isa = PBXFileReference; explicitFileType = wrapper.application; includeInIndex = 0; path = "swift-weather-ui.app"; sourceTree = BUILT_PRODUCTS_DIR; };
		2471653E2B6BB55A00055E8C /* swift_weather_uiApp.swift */ = {isa = PBXFileReference; lastKnownFileType = sourcecode.swift; path = swift_weather_uiApp.swift; sourceTree = "<group>"; };
		247165402B6BB55A00055E8C /* Persistence.swift */ = {isa = PBXFileReference; lastKnownFileType = sourcecode.swift; path = Persistence.swift; sourceTree = "<group>"; };
		247165432B6BB55A00055E8C /* swift_weather_ui.xcdatamodel */ = {isa = PBXFileReference; lastKnownFileType = wrapper.xcdatamodel; path = swift_weather_ui.xcdatamodel; sourceTree = "<group>"; };
		247165452B6BB55A00055E8C /* ContentView.swift */ = {isa = PBXFileReference; lastKnownFileType = sourcecode.swift; path = ContentView.swift; sourceTree = "<group>"; };
		247165472B6BB55D00055E8C /* Assets.xcassets */ = {isa = PBXFileReference; lastKnownFileType = folder.assetcatalog; path = Assets.xcassets; sourceTree = "<group>"; };
		247165492B6BB55D00055E8C /* swift_weather_ui.entitlements */ = {isa = PBXFileReference; lastKnownFileType = text.plist.entitlements; path = swift_weather_ui.entitlements; sourceTree = "<group>"; };
		2471654B2B6BB55D00055E8C /* Preview Assets.xcassets */ = {isa = PBXFileReference; lastKnownFileType = folder.assetcatalog; path = "Preview Assets.xcassets"; sourceTree = "<group>"; };
		247165512B6BB55D00055E8C /* swift-weather-uiTests.xctest */ = {isa = PBXFileReference; explicitFileType = wrapper.cfbundle; includeInIndex = 0; path = "swift-weather-uiTests.xctest"; sourceTree = BUILT_PRODUCTS_DIR; };
		247165552B6BB55D00055E8C /* swift_weather_uiTests.swift */ = {isa = PBXFileReference; lastKnownFileType = sourcecode.swift; path = swift_weather_uiTests.swift; sourceTree = "<group>"; };
		2471655B2B6BB55D00055E8C /* swift-weather-uiUITests.xctest */ = {isa = PBXFileReference; explicitFileType = wrapper.cfbundle; includeInIndex = 0; path = "swift-weather-uiUITests.xctest"; sourceTree = BUILT_PRODUCTS_DIR; };
		2471655F2B6BB55D00055E8C /* swift_weather_uiUITests.swift */ = {isa = PBXFileReference; lastKnownFileType = sourcecode.swift; path = swift_weather_uiUITests.swift; sourceTree = "<group>"; };
		247165612B6BB55D00055E8C /* swift_weather_uiUITestsLaunchTests.swift */ = {isa = PBXFileReference; lastKnownFileType = sourcecode.swift; path = swift_weather_uiUITestsLaunchTests.swift; sourceTree = "<group>"; };
/* End PBXFileReference section */

/* Begin PBXFrameworksBuildPhase section */
		247165382B6BB55A00055E8C /* Frameworks */ = {
			isa = PBXFrameworksBuildPhase;
			buildActionMask = 2147483647;
			files = (
			);
			runOnlyForDeploymentPostprocessing = 0;
		};
		2471654E2B6BB55D00055E8C /* Frameworks */ = {
			isa = PBXFrameworksBuildPhase;
			buildActionMask = 2147483647;
			files = (
			);
			runOnlyForDeploymentPostprocessing = 0;
		};
		247165582B6BB55D00055E8C /* Frameworks */ = {
			isa = PBXFrameworksBuildPhase;
			buildActionMask = 2147483647;
			files = (
			);
			runOnlyForDeploymentPostprocessing = 0;
		};
/* End PBXFrameworksBuildPhase section */

/* Begin PBXGroup section */
		247165322B6BB55A00055E8C = {
			isa = PBXGroup;
			children = (
				2471653D2B6BB55A00055E8C /* swift-weather-ui */,
				247165542B6BB55D00055E8C /* swift-weather-uiTests */,
				2471655E2B6BB55D00055E8C /* swift-weather-uiUITests */,
				2471653C2B6BB55A00055E8C /* Products */,
			);
			sourceTree = "<group>";
		};
		2471653C2B6BB55A00055E8C /* Products */ = {
			isa = PBXGroup;
			children = (
				2471653B2B6BB55A00055E8C /* swift-weather-ui.app */,
				247165512B6BB55D00055E8C /* swift-weather-uiTests.xctest */,
				2471655B2B6BB55D00055E8C /* swift-weather-uiUITests.xctest */,
			);
			name = Products;
			sourceTree = "<group>";
		};
		2471653D2B6BB55A00055E8C /* swift-weather-ui */ = {
			isa = PBXGroup;
			children = (
				2471653E2B6BB55A00055E8C /* swift_weather_uiApp.swift */,
				247165402B6BB55A00055E8C /* Persistence.swift */,
				247165452B6BB55A00055E8C /* ContentView.swift */,
				247165472B6BB55D00055E8C /* Assets.xcassets */,
				247165492B6BB55D00055E8C /* swift_weather_ui.entitlements */,
				247165422B6BB55A00055E8C /* swift_weather_ui.xcdatamodeld */,
				2471654A2B6BB55D00055E8C /* Preview Content */,
			);
			path = "swift-weather-ui";
			sourceTree = "<group>";
		};
		2471654A2B6BB55D00055E8C /* Preview Content */ = {
			isa = PBXGroup;
			children = (
				2471654B2B6BB55D00055E8C /* Preview Assets.xcassets */,
			);
			path = "Preview Content";
			sourceTree = "<group>";
		};
		247165542B6BB55D00055E8C /* swift-weather-uiTests */ = {
			isa = PBXGroup;
			children = (
				247165552B6BB55D00055E8C /* swift_weather_uiTests.swift */,
			);
			path = "swift-weather-uiTests";
			sourceTree = "<group>";
		};
		2471655E2B6BB55D00055E8C /* swift-weather-uiUITests */ = {
			isa = PBXGroup;
			children = (
				2471655F2B6BB55D00055E8C /* swift_weather_uiUITests.swift */,
				247165612B6BB55D00055E8C /* swift_weather_uiUITestsLaunchTests.swift */,
			);
			path = "swift-weather-uiUITests";
			sourceTree = "<group>";
		};
/* End PBXGroup section */

/* Begin PBXNativeTarget section */
		2471653A2B6BB55A00055E8C /* swift-weather-ui */ = {
			isa = PBXNativeTarget;
			buildConfigurationList = 247165652B6BB55D00055E8C /* Build configuration list for PBXNativeTarget "swift-weather-ui" */;
			buildPhases = (
				247165372B6BB55A00055E8C /* Sources */,
				247165382B6BB55A00055E8C /* Frameworks */,
				247165392B6BB55A00055E8C /* Resources */,
			);
			buildRules = (
			);
			dependencies = (
			);
			name = "swift-weather-ui";
			productName = "swift-weather-ui";
			productReference = 2471653B2B6BB55A00055E8C /* swift-weather-ui.app */;
			productType = "com.apple.product-type.application";
		};
		247165502B6BB55D00055E8C /* swift-weather-uiTests */ = {
			isa = PBXNativeTarget;
			buildConfigurationList = 247165682B6BB55D00055E8C /* Build configuration list for PBXNativeTarget "swift-weather-uiTests" */;
			buildPhases = (
				2471654D2B6BB55D00055E8C /* Sources */,
				2471654E2B6BB55D00055E8C /* Frameworks */,
				2471654F2B6BB55D00055E8C /* Resources */,
			);
			buildRules = (
			);
			dependencies = (
				247165532B6BB55D00055E8C /* PBXTargetDependency */,
			);
			name = "swift-weather-uiTests";
			productName = "swift-weather-uiTests";
			productReference = 247165512B6BB55D00055E8C /* swift-weather-uiTests.xctest */;
			productType = "com.apple.product-type.bundle.unit-test";
		};
		2471655A2B6BB55D00055E8C /* swift-weather-uiUITests */ = {
			isa = PBXNativeTarget;
			buildConfigurationList = 2471656B2B6BB55D00055E8C /* Build configuration list for PBXNativeTarget "swift-weather-uiUITests" */;
			buildPhases = (
				247165572B6BB55D00055E8C /* Sources */,
				247165582B6BB55D00055E8C /* Frameworks */,
				247165592B6BB55D00055E8C /* Resources */,
			);
			buildRules = (
			);
			dependencies = (
				2471655D2B6BB55D00055E8C /* PBXTargetDependency */,
			);
			name = "swift-weather-uiUITests";
			productName = "swift-weather-uiUITests";
			productReference = 2471655B2B6BB55D00055E8C /* swift-weather-uiUITests.xctest */;
			productType = "com.apple.product-type.bundle.ui-testing";
		};
/* End PBXNativeTarget section */

/* Begin PBXProject section */
		247165332B6BB55A00055E8C /* Project object */ = {
			isa = PBXProject;
			attributes = {
				BuildIndependentTargetsInParallel = 1;
				LastSwiftUpdateCheck = 1530;
				LastUpgradeCheck = 1530;
				TargetAttributes = {
					2471653A2B6BB55A00055E8C = {
						CreatedOnToolsVersion = 15.3;
					};
					247165502B6BB55D00055E8C = {
						CreatedOnToolsVersion = 15.3;
						TestTargetID = 2471653A2B6BB55A00055E8C;
					};
					2471655A2B6BB55D00055E8C = {
						CreatedOnToolsVersion = 15.3;
						TestTargetID = 2471653A2B6BB55A00055E8C;
					};
				};
			};
			buildConfigurationList = 247165362B6BB55A00055E8C /* Build configuration list for PBXProject "swift-weather-ui" */;
			compatibilityVersion = "Xcode 14.0";
			developmentRegion = en;
			hasScannedForEncodings = 0;
			knownRegions = (
				en,
				Base,
			);
			mainGroup = 247165322B6BB55A00055E8C;
			productRefGroup = 2471653C2B6BB55A00055E8C /* Products */;
			projectDirPath = "";
			projectRoot = "";
			targets = (
				2471653A2B6BB55A00055E8C /* swift-weather-ui */,
				247165502B6BB55D00055E8C /* swift-weather-uiTests */,
				2471655A2B6BB55D00055E8C /* swift-weather-uiUITests */,
			);
		};
/* End PBXProject section */

/* Begin PBXResourcesBuildPhase section */
		247165392B6BB55A00055E8C /* Resources */ = {
			isa = PBXResourcesBuildPhase;
			buildActionMask = 2147483647;
			files = (
				2471654C2B6BB55D00055E8C /* Preview Assets.xcassets in Resources */,
				247165482B6BB55D00055E8C /* Assets.xcassets in Resources */,
			);
			runOnlyForDeploymentPostprocessing = 0;
		};
		2471654F2B6BB55D00055E8C /* Resources */ = {
			isa = PBXResourcesBuildPhase;
			buildActionMask = 2147483647;
			files = (
			);
			runOnlyForDeploymentPostprocessing = 0;
		};
		247165592B6BB55D00055E8C /* Resources */ = {
			isa = PBXResourcesBuildPhase;
			buildActionMask = 2147483647;
			files = (
			);
			runOnlyForDeploymentPostprocessing = 0;
		};
/* End PBXResourcesBuildPhase section */

/* Begin PBXSourcesBuildPhase section */
		247165372B6BB55A00055E8C /* Sources */ = {
			isa = PBXSourcesBuildPhase;
			buildActionMask = 2147483647;
			files = (
				2471653F2B6BB55A00055E8C /* swift_weather_uiApp.swift in Sources */,
				247165412B6BB55A00055E8C /* Persistence.swift in Sources */,
				247165462B6BB55A00055E8C /* ContentView.swift in Sources */,
				247165442B6BB55A00055E8C /* swift_weather_ui.xcdatamodeld in Sources */,
			);
			runOnlyForDeploymentPostprocessing = 0;
		};
		2471654D2B6BB55D00055E8C /* Sources */ = {
			isa = PBXSourcesBuildPhase;
			buildActionMask = 2147483647;
			files = (
				247165562B6BB55D00055E8C /* swift_weather_uiTests.swift in Sources */,
			);
			runOnlyForDeploymentPostprocessing = 0;
		};
		247165572B6BB55D00055E8C /* Sources */ = {
			isa = PBXSourcesBuildPhase;
			buildActionMask = 2147483647;
			files = (
				247165602B6BB55D00055E8C /* swift_weather_uiUITests.swift in Sources */,
				247165622B6BB55D00055E8C /* swift_weather_uiUITestsLaunchTests.swift in Sources */,
			);
			runOnlyForDeploymentPostprocessing = 0;
		};
/* End PBXSourcesBuildPhase section */

/* Begin PBXTargetDependency section */
		247165532B6BB55D00055E8C /* PBXTargetDependency */ = {
			isa = PBXTargetDependency;
			target = 2471653A2B6BB55A00055E8C /* swift-weather-ui */;
			targetProxy = 247165522B6BB55D00055E8C /* PBXContainerItemProxy */;
		};
		2471655D2B6BB55D00055E8C /* PBXTargetDependency */ = {
			isa = PBXTargetDependency;
			target = 2471653A2B6BB55A00055E8C /* swift-weather-ui */;
			targetProxy = 2471655C2B6BB55D00055E8C /* PBXContainerItemProxy */;
		};
/* End PBXTargetDependency section */

/* Begin XCBuildConfiguration section */
		247165632B6BB55D00055E8C /* Debug */ = {
			isa = XCBuildConfiguration;
			buildSettings = {
				ALWAYS_SEARCH_USER_PATHS = NO;
				ASSETCATALOG_COMPILER_GENERATE_SWIFT_ASSET_SYMBOL_EXTENSIONS = YES;
				CLANG_ANALYZER_NONNULL = YES;
				CLANG_ANALYZER_NUMBER_OBJECT_CONVERSION = YES_AGGRESSIVE;
				CLANG_CXX_LANGUAGE_STANDARD = "gnu++20";
				CLANG_ENABLE_MODULES = YES;
				CLANG_ENABLE_OBJC_ARC = YES;
				CLANG_ENABLE_OBJC_WEAK = YES;
				CLANG_WARN_BLOCK_CAPTURE_AUTORELEASING = YES;
				CLANG_WARN_BOOL_CONVERSION = YES;
				CLANG_WARN_COMMA = YES;
				CLANG_WARN_CONSTANT_CONVERSION = YES;
				CLANG_WARN_DEPRECATED_OBJC_IMPLEMENTATIONS = YES;
				CLANG_WARN_DIRECT_OBJC_ISA_USAGE = YES_ERROR;
				CLANG_WARN_DOCUMENTATION_COMMENTS = YES;
				CLANG_WARN_EMPTY_BODY = YES;
				CLANG_WARN_ENUM_CONVERSION = YES;
				CLANG_WARN_INFINITE_RECURSION = YES;
				CLANG_WARN_INT_CONVERSION = YES;
				CLANG_WARN_NON_LITERAL_NULL_CONVERSION = YES;
				CLANG_WARN_OBJC_IMPLICIT_RETAIN_SELF = YES;
				CLANG_WARN_OBJC_LITERAL_CONVERSION = YES;
				CLANG_WARN_OBJC_ROOT_CLASS = YES_ERROR;
				CLANG_WARN_QUOTED_INCLUDE_IN_FRAMEWORK_HEADER = YES;
				CLANG_WARN_RANGE_LOOP_ANALYSIS = YES;
				CLANG_WARN_STRICT_PROTOTYPES = YES;
				CLANG_WARN_SUSPICIOUS_MOVE = YES;
				CLANG_WARN_UNGUARDED_AVAILABILITY = YES_AGGRESSIVE;
				CLANG_WARN_UNREACHABLE_CODE = YES;
				CLANG_WARN__DUPLICATE_METHOD_MATCH = YES;
				COPY_PHASE_STRIP = NO;
				DEBUG_INFORMATION_FORMAT = dwarf;
				ENABLE_STRICT_OBJC_MSGSEND = YES;
				ENABLE_TESTABILITY = YES;
				ENABLE_USER_SCRIPT_SANDBOXING = YES;
				GCC_C_LANGUAGE_STANDARD = gnu17;
				GCC_DYNAMIC_NO_PIC = NO;
				GCC_NO_COMMON_BLOCKS = YES;
				GCC_OPTIMIZATION_LEVEL = 0;
				GCC_PREPROCESSOR_DEFINITIONS = (
					"DEBUG=1",
					"$(inherited)",
				);
				GCC_WARN_64_TO_32_BIT_CONVERSION = YES;
				GCC_WARN_ABOUT_RETURN_TYPE = YES_ERROR;
				GCC_WARN_UNDECLARED_SELECTOR = YES;
				GCC_WARN_UNINITIALIZED_AUTOS = YES_AGGRESSIVE;
				GCC_WARN_UNUSED_FUNCTION = YES;
				GCC_WARN_UNUSED_VARIABLE = YES;
				LOCALIZATION_PREFERS_STRING_CATALOGS = YES;
				MTL_ENABLE_DEBUG_INFO = INCLUDE_SOURCE;
				MTL_FAST_MATH = YES;
				ONLY_ACTIVE_ARCH = YES;
				SWIFT_ACTIVE_COMPILATION_CONDITIONS = "DEBUG $(inherited)";
				SWIFT_OPTIMIZATION_LEVEL = "-Onone";
			};
			name = Debug;
		};
		247165642B6BB55D00055E8C /* Release */ = {
			isa = XCBuildConfiguration;
			buildSettings = {
				ALWAYS_SEARCH_USER_PATHS = NO;
				ASSETCATALOG_COMPILER_GENERATE_SWIFT_ASSET_SYMBOL_EXTENSIONS = YES;
				CLANG_ANALYZER_NONNULL = YES;
				CLANG_ANALYZER_NUMBER_OBJECT_CONVERSION = YES_AGGRESSIVE;
				CLANG_CXX_LANGUAGE_STANDARD = "gnu++20";
				CLANG_ENABLE_MODULES = YES;
				CLANG_ENABLE_OBJC_ARC = YES;
				CLANG_ENABLE_OBJC_WEAK = YES;
				CLANG_WARN_BLOCK_CAPTURE_AUTORELEASING = YES;
				CLANG_WARN_BOOL_CONVERSION = YES;
				CLANG_WARN_COMMA = YES;
				CLANG_WARN_CONSTANT_CONVERSION = YES;
				CLANG_WARN_DEPRECATED_OBJC_IMPLEMENTATIONS = YES;
				CLANG_WARN_DIRECT_OBJC_ISA_USAGE = YES_ERROR;
				CLANG_WARN_DOCUMENTATION_COMMENTS = YES;
				CLANG_WARN_EMPTY_BODY = YES;
				CLANG_WARN_ENUM_CONVERSION = YES;
				CLANG_WARN_INFINITE_RECURSION = YES;
				CLANG_WARN_INT_CONVERSION = YES;
				CLANG_WARN_NON_LITERAL_NULL_CONVERSION = YES;
				CLANG_WARN_OBJC_IMPLICIT_RETAIN_SELF = YES;
				CLANG_WARN_OBJC_LITERAL_CONVERSION = YES;
				CLANG_WARN_OBJC_ROOT_CLASS = YES_ERROR;
				CLANG_WARN_QUOTED_INCLUDE_IN_FRAMEWORK_HEADER = YES;
				CLANG_WARN_RANGE_LOOP_ANALYSIS = YES;
				CLANG_WARN_STRICT_PROTOTYPES = YES;
				CLANG_WARN_SUSPICIOUS_MOVE = YES;
				CLANG_WARN_UNGUARDED_AVAILABILITY = YES_AGGRESSIVE;
				CLANG_WARN_UNREACHABLE_CODE = YES;
				CLANG_WARN__DUPLICATE_METHOD_MATCH = YES;
				COPY_PHASE_STRIP = NO;
				DEBUG_INFORMATION_FORMAT = "dwarf-with-dsym";
				ENABLE_NS_ASSERTIONS = NO;
				ENABLE_STRICT_OBJC_MSGSEND = YES;
				ENABLE_USER_SCRIPT_SANDBOXING = YES;
				GCC_C_LANGUAGE_STANDARD = gnu17;
				GCC_NO_COMMON_BLOCKS = YES;
				GCC_WARN_64_TO_32_BIT_CONVERSION = YES;
				GCC_WARN_ABOUT_RETURN_TYPE = YES_ERROR;
				GCC_WARN_UNDECLARED_SELECTOR = YES;
				GCC_WARN_UNINITIALIZED_AUTOS = YES_AGGRESSIVE;
				GCC_WARN_UNUSED_FUNCTION = YES;
				GCC_WARN_UNUSED_VARIABLE = YES;
				LOCALIZATION_PREFERS_STRING_CATALOGS = YES;
				MTL_ENABLE_DEBUG_INFO = NO;
				MTL_FAST_MATH = YES;
				SWIFT_COMPILATION_MODE = wholemodule;
			};
			name = Release;
		};
		247165662B6BB55D00055E8C /* Debug */ = {
			isa = XCBuildConfiguration;
			buildSettings = {
				ASSETCATALOG_COMPILER_APPICON_NAME = AppIcon;
				ASSETCATALOG_COMPILER_GLOBAL_ACCENT_COLOR_NAME = AccentColor;
				CODE_SIGN_ENTITLEMENTS = "swift-weather-ui/swift_weather_ui.entitlements";
				CODE_SIGN_STYLE = Automatic;
				CURRENT_PROJECT_VERSION = 1;
				DEVELOPMENT_ASSET_PATHS = "\"swift-weather-ui/Preview Content\"";
				ENABLE_PREVIEWS = YES;
				GENERATE_INFOPLIST_FILE = YES;
				"INFOPLIST_KEY_UIApplicationSceneManifest_Generation[sdk=iphoneos*]" = YES;
				"INFOPLIST_KEY_UIApplicationSceneManifest_Generation[sdk=iphonesimulator*]" = YES;
				"INFOPLIST_KEY_UIApplicationSupportsIndirectInputEvents[sdk=iphoneos*]" = YES;
				"INFOPLIST_KEY_UIApplicationSupportsIndirectInputEvents[sdk=iphonesimulator*]" = YES;
				"INFOPLIST_KEY_UILaunchScreen_Generation[sdk=iphoneos*]" = YES;
				"INFOPLIST_KEY_UILaunchScreen_Generation[sdk=iphonesimulator*]" = YES;
				"INFOPLIST_KEY_UIStatusBarStyle[sdk=iphoneos*]" = UIStatusBarStyleDefault;
				"INFOPLIST_KEY_UIStatusBarStyle[sdk=iphonesimulator*]" = UIStatusBarStyleDefault;
				INFOPLIST_KEY_UISupportedInterfaceOrientations_iPad = "UIInterfaceOrientationPortrait UIInterfaceOrientationPortraitUpsideDown UIInterfaceOrientationLandscapeLeft UIInterfaceOrientationLandscapeRight";
				INFOPLIST_KEY_UISupportedInterfaceOrientations_iPhone = "UIInterfaceOrientationPortrait UIInterfaceOrientationLandscapeLeft UIInterfaceOrientationLandscapeRight";
				IPHONEOS_DEPLOYMENT_TARGET = 17.4;
				LD_RUNPATH_SEARCH_PATHS = "@executable_path/Frameworks";
				"LD_RUNPATH_SEARCH_PATHS[sdk=macosx*]" = "@executable_path/../Frameworks";
				MACOSX_DEPLOYMENT_TARGET = 14.3;
				MARKETING_VERSION = 1.0;
				PRODUCT_BUNDLE_IDENTIFIER = "jasmine.swift-weather-ui";
				PRODUCT_NAME = "$(TARGET_NAME)";
				SDKROOT = auto;
				SUPPORTED_PLATFORMS = "iphoneos iphonesimulator macosx";
				SWIFT_EMIT_LOC_STRINGS = YES;
				SWIFT_VERSION = 5.0;
				TARGETED_DEVICE_FAMILY = "1,2";
			};
			name = Debug;
		};
		247165672B6BB55D00055E8C /* Release */ = {
			isa = XCBuildConfiguration;
			buildSettings = {
				ASSETCATALOG_COMPILER_APPICON_NAME = AppIcon;
				ASSETCATALOG_COMPILER_GLOBAL_ACCENT_COLOR_NAME = AccentColor;
				CODE_SIGN_ENTITLEMENTS = "swift-weather-ui/swift_weather_ui.entitlements";
				CODE_SIGN_STYLE = Automatic;
				CURRENT_PROJECT_VERSION = 1;
				DEVELOPMENT_ASSET_PATHS = "\"swift-weather-ui/Preview Content\"";
				ENABLE_PREVIEWS = YES;
				GENERATE_INFOPLIST_FILE = YES;
				"INFOPLIST_KEY_UIApplicationSceneManifest_Generation[sdk=iphoneos*]" = YES;
				"INFOPLIST_KEY_UIApplicationSceneManifest_Generation[sdk=iphonesimulator*]" = YES;
				"INFOPLIST_KEY_UIApplicationSupportsIndirectInputEvents[sdk=iphoneos*]" = YES;
				"INFOPLIST_KEY_UIApplicationSupportsIndirectInputEvents[sdk=iphonesimulator*]" = YES;
				"INFOPLIST_KEY_UILaunchScreen_Generation[sdk=iphoneos*]" = YES;
				"INFOPLIST_KEY_UILaunchScreen_Generation[sdk=iphonesimulator*]" = YES;
				"INFOPLIST_KEY_UIStatusBarStyle[sdk=iphoneos*]" = UIStatusBarStyleDefault;
				"INFOPLIST_KEY_UIStatusBarStyle[sdk=iphonesimulator*]" = UIStatusBarStyleDefault;
				INFOPLIST_KEY_UISupportedInterfaceOrientations_iPad = "UIInterfaceOrientationPortrait UIInterfaceOrientationPortraitUpsideDown UIInterfaceOrientationLandscapeLeft UIInterfaceOrientationLandscapeRight";
				INFOPLIST_KEY_UISupportedInterfaceOrientations_iPhone = "UIInterfaceOrientationPortrait UIInterfaceOrientationLandscapeLeft UIInterfaceOrientationLandscapeRight";
				IPHONEOS_DEPLOYMENT_TARGET = 17.4;
				LD_RUNPATH_SEARCH_PATHS = "@executable_path/Frameworks";
				"LD_RUNPATH_SEARCH_PATHS[sdk=macosx*]" = "@executable_path/../Frameworks";
				MACOSX_DEPLOYMENT_TARGET = 14.3;
				MARKETING_VERSION = 1.0;
				PRODUCT_BUNDLE_IDENTIFIER = "jasmine.swift-weather-ui";
				PRODUCT_NAME = "$(TARGET_NAME)";
				SDKROOT = auto;
				SUPPORTED_PLATFORMS = "iphoneos iphonesimulator macosx";
				SWIFT_EMIT_LOC_STRINGS = YES;
				SWIFT_VERSION = 5.0;
				TARGETED_DEVICE_FAMILY = "1,2";
			};
			name = Release;
		};
		247165692B6BB55D00055E8C /* Debug */ = {
			isa = XCBuildConfiguration;
			buildSettings = {
				ALWAYS_EMBED_SWIFT_STANDARD_LIBRARIES = YES;
				BUNDLE_LOADER = "$(TEST_HOST)";
				CODE_SIGN_STYLE = Automatic;
				CURRENT_PROJECT_VERSION = 1;
				GENERATE_INFOPLIST_FILE = YES;
				IPHONEOS_DEPLOYMENT_TARGET = 17.4;
				MACOSX_DEPLOYMENT_TARGET = 14.3;
				MARKETING_VERSION = 1.0;
				PRODUCT_BUNDLE_IDENTIFIER = "jasmine.swift-weather-uiTests";
				PRODUCT_NAME = "$(TARGET_NAME)";
				SDKROOT = auto;
				SUPPORTED_PLATFORMS = "iphoneos iphonesimulator macosx";
				SWIFT_EMIT_LOC_STRINGS = NO;
				SWIFT_VERSION = 5.0;
				TARGETED_DEVICE_FAMILY = "1,2";
				TEST_HOST = "$(BUILT_PRODUCTS_DIR)/swift-weather-ui.app/$(BUNDLE_EXECUTABLE_FOLDER_PATH)/swift-weather-ui";
			};
			name = Debug;
		};
		2471656A2B6BB55D00055E8C /* Release */ = {
			isa = XCBuildConfiguration;
			buildSettings = {
				ALWAYS_EMBED_SWIFT_STANDARD_LIBRARIES = YES;
				BUNDLE_LOADER = "$(TEST_HOST)";
				CODE_SIGN_STYLE = Automatic;
				CURRENT_PROJECT_VERSION = 1;
				GENERATE_INFOPLIST_FILE = YES;
				IPHONEOS_DEPLOYMENT_TARGET = 17.4;
				MACOSX_DEPLOYMENT_TARGET = 14.3;
				MARKETING_VERSION = 1.0;
				PRODUCT_BUNDLE_IDENTIFIER = "jasmine.swift-weather-uiTests";
				PRODUCT_NAME = "$(TARGET_NAME)";
				SDKROOT = auto;
				SUPPORTED_PLATFORMS = "iphoneos iphonesimulator macosx";
				SWIFT_EMIT_LOC_STRINGS = NO;
				SWIFT_VERSION = 5.0;
				TARGETED_DEVICE_FAMILY = "1,2";
				TEST_HOST = "$(BUILT_PRODUCTS_DIR)/swift-weather-ui.app/$(BUNDLE_EXECUTABLE_FOLDER_PATH)/swift-weather-ui";
			};
			name = Release;
		};
		2471656C2B6BB55D00055E8C /* Debug */ = {
			isa = XCBuildConfiguration;
			buildSettings = {
				ALWAYS_EMBED_SWIFT_STANDARD_LIBRARIES = YES;
				CODE_SIGN_STYLE = Automatic;
				CURRENT_PROJECT_VERSION = 1;
				GENERATE_INFOPLIST_FILE = YES;
				IPHONEOS_DEPLOYMENT_TARGET = 17.4;
				MACOSX_DEPLOYMENT_TARGET = 14.3;
				MARKETING_VERSION = 1.0;
				PRODUCT_BUNDLE_IDENTIFIER = "jasmine.swift-weather-uiUITests";
				PRODUCT_NAME = "$(TARGET_NAME)";
				SDKROOT = auto;
				SUPPORTED_PLATFORMS = "iphoneos iphonesimulator macosx";
				SWIFT_EMIT_LOC_STRINGS = NO;
				SWIFT_VERSION = 5.0;
				TARGETED_DEVICE_FAMILY = "1,2";
				TEST_TARGET_NAME = "swift-weather-ui";
			};
			name = Debug;
		};
		2471656D2B6BB55D00055E8C /* Release */ = {
			isa = XCBuildConfiguration;
			buildSettings = {
				ALWAYS_EMBED_SWIFT_STANDARD_LIBRARIES = YES;
				CODE_SIGN_STYLE = Automatic;
				CURRENT_PROJECT_VERSION = 1;
				GENERATE_INFOPLIST_FILE = YES;
				IPHONEOS_DEPLOYMENT_TARGET = 17.4;
				MACOSX_DEPLOYMENT_TARGET = 14.3;
				MARKETING_VERSION = 1.0;
				PRODUCT_BUNDLE_IDENTIFIER = "jasmine.swift-weather-uiUITests";
				PRODUCT_NAME = "$(TARGET_NAME)";
				SDKROOT = auto;
				SUPPORTED_PLATFORMS = "iphoneos iphonesimulator macosx";
				SWIFT_EMIT_LOC_STRINGS = NO;
				SWIFT_VERSION = 5.0;
				TARGETED_DEVICE_FAMILY = "1,2";
				TEST_TARGET_NAME = "swift-weather-ui";
			};
			name = Release;
		};
/* End XCBuildConfiguration section */

/* Begin XCConfigurationList section */
		247165362B6BB55A00055E8C /* Build configuration list for PBXProject "swift-weather-ui" */ = {
			isa = XCConfigurationList;
			buildConfigurations = (
				247165632B6BB55D00055E8C /* Debug */,
				247165642B6BB55D00055E8C /* Release */,
			);
			defaultConfigurationIsVisible = 0;
			defaultConfigurationName = Release;
		};
		247165652B6BB55D00055E8C /* Build configuration list for PBXNativeTarget "swift-weather-ui" */ = {
			isa = XCConfigurationList;
			buildConfigurations = (
				247165662B6BB55D00055E8C /* Debug */,
				247165672B6BB55D00055E8C /* Release */,
			);
			defaultConfigurationIsVisible = 0;
			defaultConfigurationName = Release;
		};
		247165682B6BB55D00055E8C /* Build configuration list for PBXNativeTarget "swift-weather-uiTests" */ = {
			isa = XCConfigurationList;
			buildConfigurations = (
				247165692B6BB55D00055E8C /* Debug */,
				2471656A2B6BB55D00055E8C /* Release */,
			);
			defaultConfigurationIsVisible = 0;
			defaultConfigurationName = Release;
		};
		2471656B2B6BB55D00055E8C /* Build configuration list for PBXNativeTarget "swift-weather-uiUITests" */ = {
			isa = XCConfigurationList;
			buildConfigurations = (
				2471656C2B6BB55D00055E8C /* Debug */,
				2471656D2B6BB55D00055E8C /* Release */,
			);
			defaultConfigurationIsVisible = 0;
			defaultConfigurationName = Release;
		};
/* End XCConfigurationList section */

/* Begin XCVersionGroup section */
		247165422B6BB55A00055E8C /* swift_weather_ui.xcdatamodeld */ = {
			isa = XCVersionGroup;
			children = (
				247165432B6BB55A00055E8C /* swift_weather_ui.xcdatamodel */,
			);
			currentVersion = 247165432B6BB55A00055E8C /* swift_weather_ui.xcdatamodel */;
			path = swift_weather_ui.xcdatamodeld;
			sourceTree = "<group>";
			versionGroupType = wrapper.xcdatamodel;
		};
/* End XCVersionGroup section */
	};
	rootObject = 247165332B6BB55A00055E8C /* Project object */;
}
