// !$*UTF8*$!
{
	archiveVersion = 1;
	classes = {
	};
	objectVersion = 56;
	objects = {

/* Begin PBXBuildFile section */
		2481A8D82B647C0A00289F0E /* AppDelegate.swift in Sources */ = {isa = PBXBuildFile; fileRef = 2481A8D72B647C0A00289F0E /* AppDelegate.swift */; };
		2481A8DA2B647C0A00289F0E /* SceneDelegate.swift in Sources */ = {isa = PBXBuildFile; fileRef = 2481A8D92B647C0A00289F0E /* SceneDelegate.swift */; };
		2481A8DC2B647C0A00289F0E /* ViewController.swift in Sources */ = {isa = PBXBuildFile; fileRef = 2481A8DB2B647C0A00289F0E /* ViewController.swift */; };
		2481A8DF2B647C0A00289F0E /* Base in Resources */ = {isa = PBXBuildFile; fileRef = 2481A8DE2B647C0A00289F0E /* Base */; };
		2481A8E22B647C0A00289F0E /* PlantCarep.xcdatamodeld in Sources */ = {isa = PBXBuildFile; fileRef = 2481A8E02B647C0A00289F0E /* PlantCarep.xcdatamodeld */; };
		2481A8E42B647C0C00289F0E /* Assets.xcassets in Resources */ = {isa = PBXBuildFile; fileRef = 2481A8E32B647C0C00289F0E /* Assets.xcassets */; };
		2481A8E72B647C0C00289F0E /* Base in Resources */ = {isa = PBXBuildFile; fileRef = 2481A8E62B647C0C00289F0E /* Base */; };
		2481A8F22B647C0C00289F0E /* PlantCarepTests.swift in Sources */ = {isa = PBXBuildFile; fileRef = 2481A8F12B647C0C00289F0E /* PlantCarepTests.swift */; };
		2481A8FC2B647C0C00289F0E /* PlantCarepUITests.swift in Sources */ = {isa = PBXBuildFile; fileRef = 2481A8FB2B647C0C00289F0E /* PlantCarepUITests.swift */; };
		2481A8FE2B647C0C00289F0E /* PlantCarepUITestsLaunchTests.swift in Sources */ = {isa = PBXBuildFile; fileRef = 2481A8FD2B647C0C00289F0E /* PlantCarepUITestsLaunchTests.swift */; };
/* End PBXBuildFile section */

/* Begin PBXContainerItemProxy section */
		2481A8EE2B647C0C00289F0E /* PBXContainerItemProxy */ = {
			isa = PBXContainerItemProxy;
			containerPortal = 2481A8CC2B647C0900289F0E /* Project object */;
			proxyType = 1;
			remoteGlobalIDString = 2481A8D32B647C0A00289F0E;
			remoteInfo = PlantCarep;
		};
		2481A8F82B647C0C00289F0E /* PBXContainerItemProxy */ = {
			isa = PBXContainerItemProxy;
			containerPortal = 2481A8CC2B647C0900289F0E /* Project object */;
			proxyType = 1;
			remoteGlobalIDString = 2481A8D32B647C0A00289F0E;
			remoteInfo = PlantCarep;
		};
/* End PBXContainerItemProxy section */

/* Begin PBXFileReference section */
		2481A8D42B647C0A00289F0E /* PlantCarep.app */ = {isa = PBXFileReference; explicitFileType = wrapper.application; includeInIndex = 0; path = PlantCarep.app; sourceTree = BUILT_PRODUCTS_DIR; };
		2481A8D72B647C0A00289F0E /* AppDelegate.swift */ = {isa = PBXFileReference; lastKnownFileType = sourcecode.swift; path = AppDelegate.swift; sourceTree = "<group>"; };
		2481A8D92B647C0A00289F0E /* SceneDelegate.swift */ = {isa = PBXFileReference; lastKnownFileType = sourcecode.swift; path = SceneDelegate.swift; sourceTree = "<group>"; };
		2481A8DB2B647C0A00289F0E /* ViewController.swift */ = {isa = PBXFileReference; lastKnownFileType = sourcecode.swift; path = ViewController.swift; sourceTree = "<group>"; };
		2481A8DE2B647C0A00289F0E /* Base */ = {isa = PBXFileReference; lastKnownFileType = file.storyboard; name = Base; path = Base.lproj/Main.storyboard; sourceTree = "<group>"; };
		2481A8E12B647C0A00289F0E /* PlantCarep.xcdatamodel */ = {isa = PBXFileReference; lastKnownFileType = wrapper.xcdatamodel; path = PlantCarep.xcdatamodel; sourceTree = "<group>"; };
		2481A8E32B647C0C00289F0E /* Assets.xcassets */ = {isa = PBXFileReference; lastKnownFileType = folder.assetcatalog; path = Assets.xcassets; sourceTree = "<group>"; };
		2481A8E62B647C0C00289F0E /* Base */ = {isa = PBXFileReference; lastKnownFileType = file.storyboard; name = Base; path = Base.lproj/LaunchScreen.storyboard; sourceTree = "<group>"; };
		2481A8E82B647C0C00289F0E /* Info.plist */ = {isa = PBXFileReference; lastKnownFileType = text.plist.xml; path = Info.plist; sourceTree = "<group>"; };
		2481A8ED2B647C0C00289F0E /* PlantCarepTests.xctest */ = {isa = PBXFileReference; explicitFileType = wrapper.cfbundle; includeInIndex = 0; path = PlantCarepTests.xctest; sourceTree = BUILT_PRODUCTS_DIR; };
		2481A8F12B647C0C00289F0E /* PlantCarepTests.swift */ = {isa = PBXFileReference; lastKnownFileType = sourcecode.swift; path = PlantCarepTests.swift; sourceTree = "<group>"; };
		2481A8F72B647C0C00289F0E /* PlantCarepUITests.xctest */ = {isa = PBXFileReference; explicitFileType = wrapper.cfbundle; includeInIndex = 0; path = PlantCarepUITests.xctest; sourceTree = BUILT_PRODUCTS_DIR; };
		2481A8FB2B647C0C00289F0E /* PlantCarepUITests.swift */ = {isa = PBXFileReference; lastKnownFileType = sourcecode.swift; path = PlantCarepUITests.swift; sourceTree = "<group>"; };
		2481A8FD2B647C0C00289F0E /* PlantCarepUITestsLaunchTests.swift */ = {isa = PBXFileReference; lastKnownFileType = sourcecode.swift; path = PlantCarepUITestsLaunchTests.swift; sourceTree = "<group>"; };
/* End PBXFileReference section */

/* Begin PBXFrameworksBuildPhase section */
		2481A8D12B647C0A00289F0E /* Frameworks */ = {
			isa = PBXFrameworksBuildPhase;
			buildActionMask = 2147483647;
			files = (
			);
			runOnlyForDeploymentPostprocessing = 0;
		};
		2481A8EA2B647C0C00289F0E /* Frameworks */ = {
			isa = PBXFrameworksBuildPhase;
			buildActionMask = 2147483647;
			files = (
			);
			runOnlyForDeploymentPostprocessing = 0;
		};
		2481A8F42B647C0C00289F0E /* Frameworks */ = {
			isa = PBXFrameworksBuildPhase;
			buildActionMask = 2147483647;
			files = (
			);
			runOnlyForDeploymentPostprocessing = 0;
		};
/* End PBXFrameworksBuildPhase section */

/* Begin PBXGroup section */
		2481A8CB2B647C0900289F0E = {
			isa = PBXGroup;
			children = (
				2481A8D62B647C0A00289F0E /* PlantCarep */,
				2481A8F02B647C0C00289F0E /* PlantCarepTests */,
				2481A8FA2B647C0C00289F0E /* PlantCarepUITests */,
				2481A8D52B647C0A00289F0E /* Products */,
			);
			sourceTree = "<group>";
		};
		2481A8D52B647C0A00289F0E /* Products */ = {
			isa = PBXGroup;
			children = (
				2481A8D42B647C0A00289F0E /* PlantCarep.app */,
				2481A8ED2B647C0C00289F0E /* PlantCarepTests.xctest */,
				2481A8F72B647C0C00289F0E /* PlantCarepUITests.xctest */,
			);
			name = Products;
			sourceTree = "<group>";
		};
		2481A8D62B647C0A00289F0E /* PlantCarep */ = {
			isa = PBXGroup;
			children = (
				2481A8D72B647C0A00289F0E /* AppDelegate.swift */,
				2481A8D92B647C0A00289F0E /* SceneDelegate.swift */,
				2481A8DB2B647C0A00289F0E /* ViewController.swift */,
				2481A8DD2B647C0A00289F0E /* Main.storyboard */,
				2481A8E32B647C0C00289F0E /* Assets.xcassets */,
				2481A8E52B647C0C00289F0E /* LaunchScreen.storyboard */,
				2481A8E82B647C0C00289F0E /* Info.plist */,
				2481A8E02B647C0A00289F0E /* PlantCarep.xcdatamodeld */,
			);
			path = PlantCarep;
			sourceTree = "<group>";
		};
		2481A8F02B647C0C00289F0E /* PlantCarepTests */ = {
			isa = PBXGroup;
			children = (
				2481A8F12B647C0C00289F0E /* PlantCarepTests.swift */,
			);
			path = PlantCarepTests;
			sourceTree = "<group>";
		};
		2481A8FA2B647C0C00289F0E /* PlantCarepUITests */ = {
			isa = PBXGroup;
			children = (
				2481A8FB2B647C0C00289F0E /* PlantCarepUITests.swift */,
				2481A8FD2B647C0C00289F0E /* PlantCarepUITestsLaunchTests.swift */,
			);
			path = PlantCarepUITests;
			sourceTree = "<group>";
		};
/* End PBXGroup section */

/* Begin PBXNativeTarget section */
		2481A8D32B647C0A00289F0E /* PlantCarep */ = {
			isa = PBXNativeTarget;
			buildConfigurationList = 2481A9012B647C0C00289F0E /* Build configuration list for PBXNativeTarget "PlantCarep" */;
			buildPhases = (
				2481A8D02B647C0A00289F0E /* Sources */,
				2481A8D12B647C0A00289F0E /* Frameworks */,
				2481A8D22B647C0A00289F0E /* Resources */,
			);
			buildRules = (
			);
			dependencies = (
			);
			name = PlantCarep;
			productName = PlantCarep;
			productReference = 2481A8D42B647C0A00289F0E /* PlantCarep.app */;
			productType = "com.apple.product-type.application";
		};
		2481A8EC2B647C0C00289F0E /* PlantCarepTests */ = {
			isa = PBXNativeTarget;
			buildConfigurationList = 2481A9042B647C0C00289F0E /* Build configuration list for PBXNativeTarget "PlantCarepTests" */;
			buildPhases = (
				2481A8E92B647C0C00289F0E /* Sources */,
				2481A8EA2B647C0C00289F0E /* Frameworks */,
				2481A8EB2B647C0C00289F0E /* Resources */,
			);
			buildRules = (
			);
			dependencies = (
				2481A8EF2B647C0C00289F0E /* PBXTargetDependency */,
			);
			name = PlantCarepTests;
			productName = PlantCarepTests;
			productReference = 2481A8ED2B647C0C00289F0E /* PlantCarepTests.xctest */;
			productType = "com.apple.product-type.bundle.unit-test";
		};
		2481A8F62B647C0C00289F0E /* PlantCarepUITests */ = {
			isa = PBXNativeTarget;
			buildConfigurationList = 2481A9072B647C0C00289F0E /* Build configuration list for PBXNativeTarget "PlantCarepUITests" */;
			buildPhases = (
				2481A8F32B647C0C00289F0E /* Sources */,
				2481A8F42B647C0C00289F0E /* Frameworks */,
				2481A8F52B647C0C00289F0E /* Resources */,
			);
			buildRules = (
			);
			dependencies = (
				2481A8F92B647C0C00289F0E /* PBXTargetDependency */,
			);
			name = PlantCarepUITests;
			productName = PlantCarepUITests;
			productReference = 2481A8F72B647C0C00289F0E /* PlantCarepUITests.xctest */;
			productType = "com.apple.product-type.bundle.ui-testing";
		};
/* End PBXNativeTarget section */

/* Begin PBXProject section */
		2481A8CC2B647C0900289F0E /* Project object */ = {
			isa = PBXProject;
			attributes = {
				BuildIndependentTargetsInParallel = 1;
				LastSwiftUpdateCheck = 1530;
				LastUpgradeCheck = 1530;
				TargetAttributes = {
					2481A8D32B647C0A00289F0E = {
						CreatedOnToolsVersion = 15.3;
					};
					2481A8EC2B647C0C00289F0E = {
						CreatedOnToolsVersion = 15.3;
						TestTargetID = 2481A8D32B647C0A00289F0E;
					};
					2481A8F62B647C0C00289F0E = {
						CreatedOnToolsVersion = 15.3;
						TestTargetID = 2481A8D32B647C0A00289F0E;
					};
				};
			};
			buildConfigurationList = 2481A8CF2B647C0900289F0E /* Build configuration list for PBXProject "PlantCarep" */;
			compatibilityVersion = "Xcode 14.0";
			developmentRegion = en;
			hasScannedForEncodings = 0;
			knownRegions = (
				en,
				Base,
			);
			mainGroup = 2481A8CB2B647C0900289F0E;
			productRefGroup = 2481A8D52B647C0A00289F0E /* Products */;
			projectDirPath = "";
			projectRoot = "";
			targets = (
				2481A8D32B647C0A00289F0E /* PlantCarep */,
				2481A8EC2B647C0C00289F0E /* PlantCarepTests */,
				2481A8F62B647C0C00289F0E /* PlantCarepUITests */,
			);
		};
/* End PBXProject section */

/* Begin PBXResourcesBuildPhase section */
		2481A8D22B647C0A00289F0E /* Resources */ = {
			isa = PBXResourcesBuildPhase;
			buildActionMask = 2147483647;
			files = (
				2481A8E42B647C0C00289F0E /* Assets.xcassets in Resources */,
				2481A8E72B647C0C00289F0E /* Base in Resources */,
				2481A8DF2B647C0A00289F0E /* Base in Resources */,
			);
			runOnlyForDeploymentPostprocessing = 0;
		};
		2481A8EB2B647C0C00289F0E /* Resources */ = {
			isa = PBXResourcesBuildPhase;
			buildActionMask = 2147483647;
			files = (
			);
			runOnlyForDeploymentPostprocessing = 0;
		};
		2481A8F52B647C0C00289F0E /* Resources */ = {
			isa = PBXResourcesBuildPhase;
			buildActionMask = 2147483647;
			files = (
			);
			runOnlyForDeploymentPostprocessing = 0;
		};
/* End PBXResourcesBuildPhase section */

/* Begin PBXSourcesBuildPhase section */
		2481A8D02B647C0A00289F0E /* Sources */ = {
			isa = PBXSourcesBuildPhase;
			buildActionMask = 2147483647;
			files = (
				2481A8DC2B647C0A00289F0E /* ViewController.swift in Sources */,
				2481A8E22B647C0A00289F0E /* PlantCarep.xcdatamodeld in Sources */,
				2481A8D82B647C0A00289F0E /* AppDelegate.swift in Sources */,
				2481A8DA2B647C0A00289F0E /* SceneDelegate.swift in Sources */,
			);
			runOnlyForDeploymentPostprocessing = 0;
		};
		2481A8E92B647C0C00289F0E /* Sources */ = {
			isa = PBXSourcesBuildPhase;
			buildActionMask = 2147483647;
			files = (
				2481A8F22B647C0C00289F0E /* PlantCarepTests.swift in Sources */,
			);
			runOnlyForDeploymentPostprocessing = 0;
		};
		2481A8F32B647C0C00289F0E /* Sources */ = {
			isa = PBXSourcesBuildPhase;
			buildActionMask = 2147483647;
			files = (
				2481A8FE2B647C0C00289F0E /* PlantCarepUITestsLaunchTests.swift in Sources */,
				2481A8FC2B647C0C00289F0E /* PlantCarepUITests.swift in Sources */,
			);
			runOnlyForDeploymentPostprocessing = 0;
		};
/* End PBXSourcesBuildPhase section */

/* Begin PBXTargetDependency section */
		2481A8EF2B647C0C00289F0E /* PBXTargetDependency */ = {
			isa = PBXTargetDependency;
			target = 2481A8D32B647C0A00289F0E /* PlantCarep */;
			targetProxy = 2481A8EE2B647C0C00289F0E /* PBXContainerItemProxy */;
		};
		2481A8F92B647C0C00289F0E /* PBXTargetDependency */ = {
			isa = PBXTargetDependency;
			target = 2481A8D32B647C0A00289F0E /* PlantCarep */;
			targetProxy = 2481A8F82B647C0C00289F0E /* PBXContainerItemProxy */;
		};
/* End PBXTargetDependency section */

/* Begin PBXVariantGroup section */
		2481A8DD2B647C0A00289F0E /* Main.storyboard */ = {
			isa = PBXVariantGroup;
			children = (
				2481A8DE2B647C0A00289F0E /* Base */,
			);
			name = Main.storyboard;
			sourceTree = "<group>";
		};
		2481A8E52B647C0C00289F0E /* LaunchScreen.storyboard */ = {
			isa = PBXVariantGroup;
			children = (
				2481A8E62B647C0C00289F0E /* Base */,
			);
			name = LaunchScreen.storyboard;
			sourceTree = "<group>";
		};
/* End PBXVariantGroup section */

/* Begin XCBuildConfiguration section */
		2481A8FF2B647C0C00289F0E /* Debug */ = {
			isa = XCBuildConfiguration;
			buildSettings = {
				ALWAYS_SEARCH_USER_PATHS = NO;
				ASSETCATALOG_COMPILER_GENERATE_SWIFT_ASSET_SYMBOL_EXTENSIONS = YES;
				CLANG_ANALYZER_NONNULL = YES;
				CLANG_ANALYZER_NUMBER_OBJECT_CONVERSION = YES_AGGRESSIVE;
				CLANG_CXX_LANGUAGE_STANDARD = "gnu++20";
				CLANG_ENABLE_MODULES = YES;
				CLANG_ENABLE_OBJC_ARC = YES;
				CLANG_ENABLE_OBJC_WEAK = YES;
				CLANG_WARN_BLOCK_CAPTURE_AUTORELEASING = YES;
				CLANG_WARN_BOOL_CONVERSION = YES;
				CLANG_WARN_COMMA = YES;
				CLANG_WARN_CONSTANT_CONVERSION = YES;
				CLANG_WARN_DEPRECATED_OBJC_IMPLEMENTATIONS = YES;
				CLANG_WARN_DIRECT_OBJC_ISA_USAGE = YES_ERROR;
				CLANG_WARN_DOCUMENTATION_COMMENTS = YES;
				CLANG_WARN_EMPTY_BODY = YES;
				CLANG_WARN_ENUM_CONVERSION = YES;
				CLANG_WARN_INFINITE_RECURSION = YES;
				CLANG_WARN_INT_CONVERSION = YES;
				CLANG_WARN_NON_LITERAL_NULL_CONVERSION = YES;
				CLANG_WARN_OBJC_IMPLICIT_RETAIN_SELF = YES;
				CLANG_WARN_OBJC_LITERAL_CONVERSION = YES;
				CLANG_WARN_OBJC_ROOT_CLASS = YES_ERROR;
				CLANG_WARN_QUOTED_INCLUDE_IN_FRAMEWORK_HEADER = YES;
				CLANG_WARN_RANGE_LOOP_ANALYSIS = YES;
				CLANG_WARN_STRICT_PROTOTYPES = YES;
				CLANG_WARN_SUSPICIOUS_MOVE = YES;
				CLANG_WARN_UNGUARDED_AVAILABILITY = YES_AGGRESSIVE;
				CLANG_WARN_UNREACHABLE_CODE = YES;
				CLANG_WARN__DUPLICATE_METHOD_MATCH = YES;
				COPY_PHASE_STRIP = NO;
				DEBUG_INFORMATION_FORMAT = dwarf;
				ENABLE_STRICT_OBJC_MSGSEND = YES;
				ENABLE_TESTABILITY = YES;
				ENABLE_USER_SCRIPT_SANDBOXING = YES;
				GCC_C_LANGUAGE_STANDARD = gnu17;
				GCC_DYNAMIC_NO_PIC = NO;
				GCC_NO_COMMON_BLOCKS = YES;
				GCC_OPTIMIZATION_LEVEL = 0;
				GCC_PREPROCESSOR_DEFINITIONS = (
					"DEBUG=1",
					"$(inherited)",
				);
				GCC_WARN_64_TO_32_BIT_CONVERSION = YES;
				GCC_WARN_ABOUT_RETURN_TYPE = YES_ERROR;
				GCC_WARN_UNDECLARED_SELECTOR = YES;
				GCC_WARN_UNINITIALIZED_AUTOS = YES_AGGRESSIVE;
				GCC_WARN_UNUSED_FUNCTION = YES;
				GCC_WARN_UNUSED_VARIABLE = YES;
				IPHONEOS_DEPLOYMENT_TARGET = 17.4;
				LOCALIZATION_PREFERS_STRING_CATALOGS = YES;
				MTL_ENABLE_DEBUG_INFO = INCLUDE_SOURCE;
				MTL_FAST_MATH = YES;
				ONLY_ACTIVE_ARCH = YES;
				SDKROOT = iphoneos;
				SWIFT_ACTIVE_COMPILATION_CONDITIONS = "DEBUG $(inherited)";
				SWIFT_OPTIMIZATION_LEVEL = "-Onone";
			};
			name = Debug;
		};
		2481A9002B647C0C00289F0E /* Release */ = {
			isa = XCBuildConfiguration;
			buildSettings = {
				ALWAYS_SEARCH_USER_PATHS = NO;
				ASSETCATALOG_COMPILER_GENERATE_SWIFT_ASSET_SYMBOL_EXTENSIONS = YES;
				CLANG_ANALYZER_NONNULL = YES;
				CLANG_ANALYZER_NUMBER_OBJECT_CONVERSION = YES_AGGRESSIVE;
				CLANG_CXX_LANGUAGE_STANDARD = "gnu++20";
				CLANG_ENABLE_MODULES = YES;
				CLANG_ENABLE_OBJC_ARC = YES;
				CLANG_ENABLE_OBJC_WEAK = YES;
				CLANG_WARN_BLOCK_CAPTURE_AUTORELEASING = YES;
				CLANG_WARN_BOOL_CONVERSION = YES;
				CLANG_WARN_COMMA = YES;
				CLANG_WARN_CONSTANT_CONVERSION = YES;
				CLANG_WARN_DEPRECATED_OBJC_IMPLEMENTATIONS = YES;
				CLANG_WARN_DIRECT_OBJC_ISA_USAGE = YES_ERROR;
				CLANG_WARN_DOCUMENTATION_COMMENTS = YES;
				CLANG_WARN_EMPTY_BODY = YES;
				CLANG_WARN_ENUM_CONVERSION = YES;
				CLANG_WARN_INFINITE_RECURSION = YES;
				CLANG_WARN_INT_CONVERSION = YES;
				CLANG_WARN_NON_LITERAL_NULL_CONVERSION = YES;
				CLANG_WARN_OBJC_IMPLICIT_RETAIN_SELF = YES;
				CLANG_WARN_OBJC_LITERAL_CONVERSION = YES;
				CLANG_WARN_OBJC_ROOT_CLASS = YES_ERROR;
				CLANG_WARN_QUOTED_INCLUDE_IN_FRAMEWORK_HEADER = YES;
				CLANG_WARN_RANGE_LOOP_ANALYSIS = YES;
				CLANG_WARN_STRICT_PROTOTYPES = YES;
				CLANG_WARN_SUSPICIOUS_MOVE = YES;
				CLANG_WARN_UNGUARDED_AVAILABILITY = YES_AGGRESSIVE;
				CLANG_WARN_UNREACHABLE_CODE = YES;
				CLANG_WARN__DUPLICATE_METHOD_MATCH = YES;
				COPY_PHASE_STRIP = NO;
				DEBUG_INFORMATION_FORMAT = "dwarf-with-dsym";
				ENABLE_NS_ASSERTIONS = NO;
				ENABLE_STRICT_OBJC_MSGSEND = YES;
				ENABLE_USER_SCRIPT_SANDBOXING = YES;
				GCC_C_LANGUAGE_STANDARD = gnu17;
				GCC_NO_COMMON_BLOCKS = YES;
				GCC_WARN_64_TO_32_BIT_CONVERSION = YES;
				GCC_WARN_ABOUT_RETURN_TYPE = YES_ERROR;
				GCC_WARN_UNDECLARED_SELECTOR = YES;
				GCC_WARN_UNINITIALIZED_AUTOS = YES_AGGRESSIVE;
				GCC_WARN_UNUSED_FUNCTION = YES;
				GCC_WARN_UNUSED_VARIABLE = YES;
				IPHONEOS_DEPLOYMENT_TARGET = 17.4;
				LOCALIZATION_PREFERS_STRING_CATALOGS = YES;
				MTL_ENABLE_DEBUG_INFO = NO;
				MTL_FAST_MATH = YES;
				SDKROOT = iphoneos;
				SWIFT_COMPILATION_MODE = wholemodule;
				VALIDATE_PRODUCT = YES;
			};
			name = Release;
		};
		2481A9022B647C0C00289F0E /* Debug */ = {
			isa = XCBuildConfiguration;
			buildSettings = {
				ASSETCATALOG_COMPILER_APPICON_NAME = AppIcon;
				ASSETCATALOG_COMPILER_GLOBAL_ACCENT_COLOR_NAME = AccentColor;
				CODE_SIGN_STYLE = Automatic;
				CURRENT_PROJECT_VERSION = 1;
				GENERATE_INFOPLIST_FILE = YES;
				INFOPLIST_FILE = PlantCarep/Info.plist;
				INFOPLIST_KEY_UIApplicationSupportsIndirectInputEvents = YES;
				INFOPLIST_KEY_UILaunchStoryboardName = LaunchScreen;
				INFOPLIST_KEY_UIMainStoryboardFile = Main;
				INFOPLIST_KEY_UISupportedInterfaceOrientations_iPad = "UIInterfaceOrientationPortrait UIInterfaceOrientationPortraitUpsideDown UIInterfaceOrientationLandscapeLeft UIInterfaceOrientationLandscapeRight";
				INFOPLIST_KEY_UISupportedInterfaceOrientations_iPhone = "UIInterfaceOrientationPortrait UIInterfaceOrientationLandscapeLeft UIInterfaceOrientationLandscapeRight";
				LD_RUNPATH_SEARCH_PATHS = (
					"$(inherited)",
					"@executable_path/Frameworks",
				);
				MARKETING_VERSION = 1.0;
				PRODUCT_BUNDLE_IDENTIFIER = jasmine.PlantCarep;
				PRODUCT_NAME = "$(TARGET_NAME)";
				SWIFT_EMIT_LOC_STRINGS = YES;
				SWIFT_VERSION = 5.0;
				TARGETED_DEVICE_FAMILY = "1,2";
			};
			name = Debug;
		};
		2481A9032B647C0C00289F0E /* Release */ = {
			isa = XCBuildConfiguration;
			buildSettings = {
				ASSETCATALOG_COMPILER_APPICON_NAME = AppIcon;
				ASSETCATALOG_COMPILER_GLOBAL_ACCENT_COLOR_NAME = AccentColor;
				CODE_SIGN_STYLE = Automatic;
				CURRENT_PROJECT_VERSION = 1;
				GENERATE_INFOPLIST_FILE = YES;
				INFOPLIST_FILE = PlantCarep/Info.plist;
				INFOPLIST_KEY_UIApplicationSupportsIndirectInputEvents = YES;
				INFOPLIST_KEY_UILaunchStoryboardName = LaunchScreen;
				INFOPLIST_KEY_UIMainStoryboardFile = Main;
				INFOPLIST_KEY_UISupportedInterfaceOrientations_iPad = "UIInterfaceOrientationPortrait UIInterfaceOrientationPortraitUpsideDown UIInterfaceOrientationLandscapeLeft UIInterfaceOrientationLandscapeRight";
				INFOPLIST_KEY_UISupportedInterfaceOrientations_iPhone = "UIInterfaceOrientationPortrait UIInterfaceOrientationLandscapeLeft UIInterfaceOrientationLandscapeRight";
				LD_RUNPATH_SEARCH_PATHS = (
					"$(inherited)",
					"@executable_path/Frameworks",
				);
				MARKETING_VERSION = 1.0;
				PRODUCT_BUNDLE_IDENTIFIER = jasmine.PlantCarep;
				PRODUCT_NAME = "$(TARGET_NAME)";
				SWIFT_EMIT_LOC_STRINGS = YES;
				SWIFT_VERSION = 5.0;
				TARGETED_DEVICE_FAMILY = "1,2";
			};
			name = Release;
		};
		2481A9052B647C0C00289F0E /* Debug */ = {
			isa = XCBuildConfiguration;
			buildSettings = {
				ALWAYS_EMBED_SWIFT_STANDARD_LIBRARIES = YES;
				BUNDLE_LOADER = "$(TEST_HOST)";
				CODE_SIGN_STYLE = Automatic;
				CURRENT_PROJECT_VERSION = 1;
				GENERATE_INFOPLIST_FILE = YES;
				IPHONEOS_DEPLOYMENT_TARGET = 17.4;
				MARKETING_VERSION = 1.0;
				PRODUCT_BUNDLE_IDENTIFIER = jasmine.PlantCarepTests;
				PRODUCT_NAME = "$(TARGET_NAME)";
				SWIFT_EMIT_LOC_STRINGS = NO;
				SWIFT_VERSION = 5.0;
				TARGETED_DEVICE_FAMILY = "1,2";
				TEST_HOST = "$(BUILT_PRODUCTS_DIR)/PlantCarep.app/$(BUNDLE_EXECUTABLE_FOLDER_PATH)/PlantCarep";
			};
			name = Debug;
		};
		2481A9062B647C0C00289F0E /* Release */ = {
			isa = XCBuildConfiguration;
			buildSettings = {
				ALWAYS_EMBED_SWIFT_STANDARD_LIBRARIES = YES;
				BUNDLE_LOADER = "$(TEST_HOST)";
				CODE_SIGN_STYLE = Automatic;
				CURRENT_PROJECT_VERSION = 1;
				GENERATE_INFOPLIST_FILE = YES;
				IPHONEOS_DEPLOYMENT_TARGET = 17.4;
				MARKETING_VERSION = 1.0;
				PRODUCT_BUNDLE_IDENTIFIER = jasmine.PlantCarepTests;
				PRODUCT_NAME = "$(TARGET_NAME)";
				SWIFT_EMIT_LOC_STRINGS = NO;
				SWIFT_VERSION = 5.0;
				TARGETED_DEVICE_FAMILY = "1,2";
				TEST_HOST = "$(BUILT_PRODUCTS_DIR)/PlantCarep.app/$(BUNDLE_EXECUTABLE_FOLDER_PATH)/PlantCarep";
			};
			name = Release;
		};
		2481A9082B647C0C00289F0E /* Debug */ = {
			isa = XCBuildConfiguration;
			buildSettings = {
				ALWAYS_EMBED_SWIFT_STANDARD_LIBRARIES = YES;
				CODE_SIGN_STYLE = Automatic;
				CURRENT_PROJECT_VERSION = 1;
				GENERATE_INFOPLIST_FILE = YES;
				MARKETING_VERSION = 1.0;
				PRODUCT_BUNDLE_IDENTIFIER = jasmine.PlantCarepUITests;
				PRODUCT_NAME = "$(TARGET_NAME)";
				SWIFT_EMIT_LOC_STRINGS = NO;
				SWIFT_VERSION = 5.0;
				TARGETED_DEVICE_FAMILY = "1,2";
				TEST_TARGET_NAME = PlantCarep;
			};
			name = Debug;
		};
		2481A9092B647C0C00289F0E /* Release */ = {
			isa = XCBuildConfiguration;
			buildSettings = {
				ALWAYS_EMBED_SWIFT_STANDARD_LIBRARIES = YES;
				CODE_SIGN_STYLE = Automatic;
				CURRENT_PROJECT_VERSION = 1;
				GENERATE_INFOPLIST_FILE = YES;
				MARKETING_VERSION = 1.0;
				PRODUCT_BUNDLE_IDENTIFIER = jasmine.PlantCarepUITests;
				PRODUCT_NAME = "$(TARGET_NAME)";
				SWIFT_EMIT_LOC_STRINGS = NO;
				SWIFT_VERSION = 5.0;
				TARGETED_DEVICE_FAMILY = "1,2";
				TEST_TARGET_NAME = PlantCarep;
			};
			name = Release;
		};
/* End XCBuildConfiguration section */

/* Begin XCConfigurationList section */
		2481A8CF2B647C0900289F0E /* Build configuration list for PBXProject "PlantCarep" */ = {
			isa = XCConfigurationList;
			buildConfigurations = (
				2481A8FF2B647C0C00289F0E /* Debug */,
				2481A9002B647C0C00289F0E /* Release */,
			);
			defaultConfigurationIsVisible = 0;
			defaultConfigurationName = Release;
		};
		2481A9012B647C0C00289F0E /* Build configuration list for PBXNativeTarget "PlantCarep" */ = {
			isa = XCConfigurationList;
			buildConfigurations = (
				2481A9022B647C0C00289F0E /* Debug */,
				2481A9032B647C0C00289F0E /* Release */,
			);
			defaultConfigurationIsVisible = 0;
			defaultConfigurationName = Release;
		};
		2481A9042B647C0C00289F0E /* Build configuration list for PBXNativeTarget "PlantCarepTests" */ = {
			isa = XCConfigurationList;
			buildConfigurations = (
				2481A9052B647C0C00289F0E /* Debug */,
				2481A9062B647C0C00289F0E /* Release */,
			);
			defaultConfigurationIsVisible = 0;
			defaultConfigurationName = Release;
		};
		2481A9072B647C0C00289F0E /* Build configuration list for PBXNativeTarget "PlantCarepUITests" */ = {
			isa = XCConfigurationList;
			buildConfigurations = (
				2481A9082B647C0C00289F0E /* Debug */,
				2481A9092B647C0C00289F0E /* Release */,
			);
			defaultConfigurationIsVisible = 0;
			defaultConfigurationName = Release;
		};
/* End XCConfigurationList section */

/* Begin XCVersionGroup section */
		2481A8E02B647C0A00289F0E /* PlantCarep.xcdatamodeld */ = {
			isa = XCVersionGroup;
			children = (
				2481A8E12B647C0A00289F0E /* PlantCarep.xcdatamodel */,
			);
			currentVersion = 2481A8E12B647C0A00289F0E /* PlantCarep.xcdatamodel */;
			path = PlantCarep.xcdatamodeld;
			sourceTree = "<group>";
			versionGroupType = wrapper.xcdatamodel;
		};
/* End XCVersionGroup section */
	};
	rootObject = 2481A8CC2B647C0900289F0E /* Project object */;
}
